// !$*UTF8*$!
{
	archiveVersion = 1;
	classes = {
	};
	objectVersion = 46;
	objects = {

/* Begin PBXBuildFile section */
		4D0882521DB2C3900005E6C2 /* main.m in Sources */ = {isa = PBXBuildFile; fileRef = 4D0882511DB2C3900005E6C2 /* main.m */; };
		4D0882551DB2C3900005E6C2 /* AppDelegate.m in Sources */ = {isa = PBXBuildFile; fileRef = 4D0882541DB2C3900005E6C2 /* AppDelegate.m */; };
		4D0882581DB2C3900005E6C2 /* ViewController.m in Sources */ = {isa = PBXBuildFile; fileRef = 4D0882571DB2C3900005E6C2 /* ViewController.m */; };
		4D08825B1DB2C3900005E6C2 /* Main.storyboard in Resources */ = {isa = PBXBuildFile; fileRef = 4D0882591DB2C3900005E6C2 /* Main.storyboard */; };
		4D08825E1DB2C3900005E6C2 /* ShowTray.xcdatamodeld in Sources */ = {isa = PBXBuildFile; fileRef = 4D08825C1DB2C3900005E6C2 /* ShowTray.xcdatamodeld */; };
		4D0882601DB2C3900005E6C2 /* Assets.xcassets in Resources */ = {isa = PBXBuildFile; fileRef = 4D08825F1DB2C3900005E6C2 /* Assets.xcassets */; };
		4D0882631DB2C3900005E6C2 /* LaunchScreen.storyboard in Resources */ = {isa = PBXBuildFile; fileRef = 4D0882611DB2C3900005E6C2 /* LaunchScreen.storyboard */; };
		4D08826E1DB2C3900005E6C2 /* ShowTrayTests.m in Sources */ = {isa = PBXBuildFile; fileRef = 4D08826D1DB2C3900005E6C2 /* ShowTrayTests.m */; };
		4D0882791DB2C3900005E6C2 /* ShowTrayUITests.m in Sources */ = {isa = PBXBuildFile; fileRef = 4D0882781DB2C3900005E6C2 /* ShowTrayUITests.m */; };
/* End PBXBuildFile section */

/* Begin PBXContainerItemProxy section */
		4D08826A1DB2C3900005E6C2 /* PBXContainerItemProxy */ = {
			isa = PBXContainerItemProxy;
			containerPortal = 4D0882451DB2C38F0005E6C2 /* Project object */;
			proxyType = 1;
			remoteGlobalIDString = 4D08824C1DB2C38F0005E6C2;
			remoteInfo = ShowTray;
		};
		4D0882751DB2C3900005E6C2 /* PBXContainerItemProxy */ = {
			isa = PBXContainerItemProxy;
			containerPortal = 4D0882451DB2C38F0005E6C2 /* Project object */;
			proxyType = 1;
			remoteGlobalIDString = 4D08824C1DB2C38F0005E6C2;
			remoteInfo = ShowTray;
		};
/* End PBXContainerItemProxy section */

/* Begin PBXFileReference section */
		4D08824D1DB2C3900005E6C2 /* ShowTray.app */ = {isa = PBXFileReference; explicitFileType = wrapper.application; includeInIndex = 0; path = ShowTray.app; sourceTree = BUILT_PRODUCTS_DIR; };
		4D0882511DB2C3900005E6C2 /* main.m */ = {isa = PBXFileReference; lastKnownFileType = sourcecode.c.objc; path = main.m; sourceTree = "<group>"; };
		4D0882531DB2C3900005E6C2 /* AppDelegate.h */ = {isa = PBXFileReference; lastKnownFileType = sourcecode.c.h; path = AppDelegate.h; sourceTree = "<group>"; };
		4D0882541DB2C3900005E6C2 /* AppDelegate.m */ = {isa = PBXFileReference; lastKnownFileType = sourcecode.c.objc; path = AppDelegate.m; sourceTree = "<group>"; };
		4D0882561DB2C3900005E6C2 /* ViewController.h */ = {isa = PBXFileReference; lastKnownFileType = sourcecode.c.h; path = ViewController.h; sourceTree = "<group>"; };
		4D0882571DB2C3900005E6C2 /* ViewController.m */ = {isa = PBXFileReference; lastKnownFileType = sourcecode.c.objc; path = ViewController.m; sourceTree = "<group>"; };
		4D08825A1DB2C3900005E6C2 /* Base */ = {isa = PBXFileReference; lastKnownFileType = file.storyboard; name = Base; path = Base.lproj/Main.storyboard; sourceTree = "<group>"; };
		4D08825D1DB2C3900005E6C2 /* ShowTray.xcdatamodel */ = {isa = PBXFileReference; lastKnownFileType = wrapper.xcdatamodel; path = ShowTray.xcdatamodel; sourceTree = "<group>"; };
		4D08825F1DB2C3900005E6C2 /* Assets.xcassets */ = {isa = PBXFileReference; lastKnownFileType = folder.assetcatalog; path = Assets.xcassets; sourceTree = "<group>"; };
		4D0882621DB2C3900005E6C2 /* Base */ = {isa = PBXFileReference; lastKnownFileType = file.storyboard; name = Base; path = Base.lproj/LaunchScreen.storyboard; sourceTree = "<group>"; };
		4D0882641DB2C3900005E6C2 /* Info.plist */ = {isa = PBXFileReference; lastKnownFileType = text.plist.xml; path = Info.plist; sourceTree = "<group>"; };
		4D0882691DB2C3900005E6C2 /* ShowTrayTests.xctest */ = {isa = PBXFileReference; explicitFileType = wrapper.cfbundle; includeInIndex = 0; path = ShowTrayTests.xctest; sourceTree = BUILT_PRODUCTS_DIR; };
		4D08826D1DB2C3900005E6C2 /* ShowTrayTests.m */ = {isa = PBXFileReference; lastKnownFileType = sourcecode.c.objc; path = ShowTrayTests.m; sourceTree = "<group>"; };
		4D08826F1DB2C3900005E6C2 /* Info.plist */ = {isa = PBXFileReference; lastKnownFileType = text.plist.xml; path = Info.plist; sourceTree = "<group>"; };
		4D0882741DB2C3900005E6C2 /* ShowTrayUITests.xctest */ = {isa = PBXFileReference; explicitFileType = wrapper.cfbundle; includeInIndex = 0; path = ShowTrayUITests.xctest; sourceTree = BUILT_PRODUCTS_DIR; };
		4D0882781DB2C3900005E6C2 /* ShowTrayUITests.m */ = {isa = PBXFileReference; lastKnownFileType = sourcecode.c.objc; path = ShowTrayUITests.m; sourceTree = "<group>"; };
		4D08827A1DB2C3900005E6C2 /* Info.plist */ = {isa = PBXFileReference; lastKnownFileType = text.plist.xml; path = Info.plist; sourceTree = "<group>"; };
/* End PBXFileReference section */

/* Begin PBXFrameworksBuildPhase section */
		4D08824A1DB2C38F0005E6C2 /* Frameworks */ = {
			isa = PBXFrameworksBuildPhase;
			buildActionMask = 2147483647;
			files = (
			);
			runOnlyForDeploymentPostprocessing = 0;
		};
		4D0882661DB2C3900005E6C2 /* Frameworks */ = {
			isa = PBXFrameworksBuildPhase;
			buildActionMask = 2147483647;
			files = (
			);
			runOnlyForDeploymentPostprocessing = 0;
		};
		4D0882711DB2C3900005E6C2 /* Frameworks */ = {
			isa = PBXFrameworksBuildPhase;
			buildActionMask = 2147483647;
			files = (
			);
			runOnlyForDeploymentPostprocessing = 0;
		};
/* End PBXFrameworksBuildPhase section */

/* Begin PBXGroup section */
		4D0882441DB2C38F0005E6C2 = {
			isa = PBXGroup;
			children = (
				4D08824F1DB2C3900005E6C2 /* ShowTray */,
				4D08826C1DB2C3900005E6C2 /* ShowTrayTests */,
				4D0882771DB2C3900005E6C2 /* ShowTrayUITests */,
				4D08824E1DB2C3900005E6C2 /* Products */,
			);
			sourceTree = "<group>";
		};
		4D08824E1DB2C3900005E6C2 /* Products */ = {
			isa = PBXGroup;
			children = (
				4D08824D1DB2C3900005E6C2 /* ShowTray.app */,
				4D0882691DB2C3900005E6C2 /* ShowTrayTests.xctest */,
				4D0882741DB2C3900005E6C2 /* ShowTrayUITests.xctest */,
			);
			name = Products;
			sourceTree = "<group>";
		};
		4D08824F1DB2C3900005E6C2 /* ShowTray */ = {
			isa = PBXGroup;
			children = (
				4D0882531DB2C3900005E6C2 /* AppDelegate.h */,
				4D0882541DB2C3900005E6C2 /* AppDelegate.m */,
				4D0882561DB2C3900005E6C2 /* ViewController.h */,
				4D0882571DB2C3900005E6C2 /* ViewController.m */,
				4D0882591DB2C3900005E6C2 /* Main.storyboard */,
				4D08825F1DB2C3900005E6C2 /* Assets.xcassets */,
				4D0882611DB2C3900005E6C2 /* LaunchScreen.storyboard */,
				4D0882641DB2C3900005E6C2 /* Info.plist */,
				4D08825C1DB2C3900005E6C2 /* ShowTray.xcdatamodeld */,
				4D0882501DB2C3900005E6C2 /* Supporting Files */,
			);
			path = ShowTray;
			sourceTree = "<group>";
		};
		4D0882501DB2C3900005E6C2 /* Supporting Files */ = {
			isa = PBXGroup;
			children = (
				4D0882511DB2C3900005E6C2 /* main.m */,
			);
			name = "Supporting Files";
			sourceTree = "<group>";
		};
		4D08826C1DB2C3900005E6C2 /* ShowTrayTests */ = {
			isa = PBXGroup;
			children = (
				4D08826D1DB2C3900005E6C2 /* ShowTrayTests.m */,
				4D08826F1DB2C3900005E6C2 /* Info.plist */,
			);
			path = ShowTrayTests;
			sourceTree = "<group>";
		};
		4D0882771DB2C3900005E6C2 /* ShowTrayUITests */ = {
			isa = PBXGroup;
			children = (
				4D0882781DB2C3900005E6C2 /* ShowTrayUITests.m */,
				4D08827A1DB2C3900005E6C2 /* Info.plist */,
			);
			path = ShowTrayUITests;
			sourceTree = "<group>";
		};
/* End PBXGroup section */

/* Begin PBXNativeTarget section */
		4D08824C1DB2C38F0005E6C2 /* ShowTray */ = {
			isa = PBXNativeTarget;
			buildConfigurationList = 4D08827D1DB2C3900005E6C2 /* Build configuration list for PBXNativeTarget "ShowTray" */;
			buildPhases = (
				4D0882491DB2C38F0005E6C2 /* Sources */,
				4D08824A1DB2C38F0005E6C2 /* Frameworks */,
				4D08824B1DB2C38F0005E6C2 /* Resources */,
			);
			buildRules = (
			);
			dependencies = (
			);
			name = ShowTray;
			productName = ShowTray;
			productReference = 4D08824D1DB2C3900005E6C2 /* ShowTray.app */;
			productType = "com.apple.product-type.application";
		};
		4D0882681DB2C3900005E6C2 /* ShowTrayTests */ = {
			isa = PBXNativeTarget;
			buildConfigurationList = 4D0882801DB2C3900005E6C2 /* Build configuration list for PBXNativeTarget "ShowTrayTests" */;
			buildPhases = (
				4D0882651DB2C3900005E6C2 /* Sources */,
				4D0882661DB2C3900005E6C2 /* Frameworks */,
				4D0882671DB2C3900005E6C2 /* Resources */,
			);
			buildRules = (
			);
			dependencies = (
				4D08826B1DB2C3900005E6C2 /* PBXTargetDependency */,
			);
			name = ShowTrayTests;
			productName = ShowTrayTests;
			productReference = 4D0882691DB2C3900005E6C2 /* ShowTrayTests.xctest */;
			productType = "com.apple.product-type.bundle.unit-test";
		};
		4D0882731DB2C3900005E6C2 /* ShowTrayUITests */ = {
			isa = PBXNativeTarget;
			buildConfigurationList = 4D0882831DB2C3900005E6C2 /* Build configuration list for PBXNativeTarget "ShowTrayUITests" */;
			buildPhases = (
				4D0882701DB2C3900005E6C2 /* Sources */,
				4D0882711DB2C3900005E6C2 /* Frameworks */,
				4D0882721DB2C3900005E6C2 /* Resources */,
			);
			buildRules = (
			);
			dependencies = (
				4D0882761DB2C3900005E6C2 /* PBXTargetDependency */,
			);
			name = ShowTrayUITests;
			productName = ShowTrayUITests;
			productReference = 4D0882741DB2C3900005E6C2 /* ShowTrayUITests.xctest */;
			productType = "com.apple.product-type.bundle.ui-testing";
		};
/* End PBXNativeTarget section */

/* Begin PBXProject section */
		4D0882451DB2C38F0005E6C2 /* Project object */ = {
			isa = PBXProject;
			attributes = {
				LastUpgradeCheck = 0800;
				ORGANIZATIONNAME = Ashwani;
				TargetAttributes = {
					4D08824C1DB2C38F0005E6C2 = {
						CreatedOnToolsVersion = 8.0;
						ProvisioningStyle = Automatic;
					};
					4D0882681DB2C3900005E6C2 = {
						CreatedOnToolsVersion = 8.0;
						ProvisioningStyle = Automatic;
						TestTargetID = 4D08824C1DB2C38F0005E6C2;
					};
					4D0882731DB2C3900005E6C2 = {
						CreatedOnToolsVersion = 8.0;
						ProvisioningStyle = Automatic;
						TestTargetID = 4D08824C1DB2C38F0005E6C2;
					};
				};
			};
			buildConfigurationList = 4D0882481DB2C38F0005E6C2 /* Build configuration list for PBXProject "ShowTray" */;
			compatibilityVersion = "Xcode 3.2";
			developmentRegion = English;
			hasScannedForEncodings = 0;
			knownRegions = (
				en,
				Base,
			);
			mainGroup = 4D0882441DB2C38F0005E6C2;
			productRefGroup = 4D08824E1DB2C3900005E6C2 /* Products */;
			projectDirPath = "";
			projectRoot = "";
			targets = (
				4D08824C1DB2C38F0005E6C2 /* ShowTray */,
				4D0882681DB2C3900005E6C2 /* ShowTrayTests */,
				4D0882731DB2C3900005E6C2 /* ShowTrayUITests */,
			);
		};
/* End PBXProject section */

/* Begin PBXResourcesBuildPhase section */
		4D08824B1DB2C38F0005E6C2 /* Resources */ = {
			isa = PBXResourcesBuildPhase;
			buildActionMask = 2147483647;
			files = (
				4D0882631DB2C3900005E6C2 /* LaunchScreen.storyboard in Resources */,
				4D0882601DB2C3900005E6C2 /* Assets.xcassets in Resources */,
				4D08825B1DB2C3900005E6C2 /* Main.storyboard in Resources */,
			);
			runOnlyForDeploymentPostprocessing = 0;
		};
		4D0882671DB2C3900005E6C2 /* Resources */ = {
			isa = PBXResourcesBuildPhase;
			buildActionMask = 2147483647;
			files = (
			);
			runOnlyForDeploymentPostprocessing = 0;
		};
		4D0882721DB2C3900005E6C2 /* Resources */ = {
			isa = PBXResourcesBuildPhase;
			buildActionMask = 2147483647;
			files = (
			);
			runOnlyForDeploymentPostprocessing = 0;
		};
/* End PBXResourcesBuildPhase section */

/* Begin PBXSourcesBuildPhase section */
		4D0882491DB2C38F0005E6C2 /* Sources */ = {
			isa = PBXSourcesBuildPhase;
			buildActionMask = 2147483647;
			files = (
				4D0882581DB2C3900005E6C2 /* ViewController.m in Sources */,
				4D0882551DB2C3900005E6C2 /* AppDelegate.m in Sources */,
				4D08825E1DB2C3900005E6C2 /* ShowTray.xcdatamodeld in Sources */,
				4D0882521DB2C3900005E6C2 /* main.m in Sources */,
			);
			runOnlyForDeploymentPostprocessing = 0;
		};
		4D0882651DB2C3900005E6C2 /* Sources */ = {
			isa = PBXSourcesBuildPhase;
			buildActionMask = 2147483647;
			files = (
				4D08826E1DB2C3900005E6C2 /* ShowTrayTests.m in Sources */,
			);
			runOnlyForDeploymentPostprocessing = 0;
		};
		4D0882701DB2C3900005E6C2 /* Sources */ = {
			isa = PBXSourcesBuildPhase;
			buildActionMask = 2147483647;
			files = (
				4D0882791DB2C3900005E6C2 /* ShowTrayUITests.m in Sources */,
			);
			runOnlyForDeploymentPostprocessing = 0;
		};
/* End PBXSourcesBuildPhase section */

/* Begin PBXTargetDependency section */
		4D08826B1DB2C3900005E6C2 /* PBXTargetDependency */ = {
			isa = PBXTargetDependency;
			target = 4D08824C1DB2C38F0005E6C2 /* ShowTray */;
			targetProxy = 4D08826A1DB2C3900005E6C2 /* PBXContainerItemProxy */;
		};
		4D0882761DB2C3900005E6C2 /* PBXTargetDependency */ = {
			isa = PBXTargetDependency;
			target = 4D08824C1DB2C38F0005E6C2 /* ShowTray */;
			targetProxy = 4D0882751DB2C3900005E6C2 /* PBXContainerItemProxy */;
		};
/* End PBXTargetDependency section */

/* Begin PBXVariantGroup section */
		4D0882591DB2C3900005E6C2 /* Main.storyboard */ = {
			isa = PBXVariantGroup;
			children = (
				4D08825A1DB2C3900005E6C2 /* Base */,
			);
			name = Main.storyboard;
			sourceTree = "<group>";
		};
		4D0882611DB2C3900005E6C2 /* LaunchScreen.storyboard */ = {
			isa = PBXVariantGroup;
			children = (
				4D0882621DB2C3900005E6C2 /* Base */,
			);
			name = LaunchScreen.storyboard;
			sourceTree = "<group>";
		};
/* End PBXVariantGroup section */

/* Begin XCBuildConfiguration section */
		4D08827B1DB2C3900005E6C2 /* Debug */ = {
			isa = XCBuildConfiguration;
			buildSettings = {
				ALWAYS_SEARCH_USER_PATHS = NO;
				CLANG_ANALYZER_NONNULL = YES;
				CLANG_CXX_LANGUAGE_STANDARD = "gnu++0x";
				CLANG_CXX_LIBRARY = "libc++";
				CLANG_ENABLE_MODULES = YES;
				CLANG_ENABLE_OBJC_ARC = YES;
				CLANG_WARN_BOOL_CONVERSION = YES;
				CLANG_WARN_CONSTANT_CONVERSION = YES;
				CLANG_WARN_DIRECT_OBJC_ISA_USAGE = YES_ERROR;
				CLANG_WARN_DOCUMENTATION_COMMENTS = YES;
				CLANG_WARN_EMPTY_BODY = YES;
				CLANG_WARN_ENUM_CONVERSION = YES;
				CLANG_WARN_INFINITE_RECURSION = YES;
				CLANG_WARN_INT_CONVERSION = YES;
				CLANG_WARN_OBJC_ROOT_CLASS = YES_ERROR;
				CLANG_WARN_SUSPICIOUS_MOVES = YES;
				CLANG_WARN_UNREACHABLE_CODE = YES;
				CLANG_WARN__DUPLICATE_METHOD_MATCH = YES;
				"CODE_SIGN_IDENTITY[sdk=iphoneos*]" = "iPhone Developer";
				COPY_PHASE_STRIP = NO;
				DEBUG_INFORMATION_FORMAT = dwarf;
				ENABLE_STRICT_OBJC_MSGSEND = YES;
				ENABLE_TESTABILITY = YES;
				GCC_C_LANGUAGE_STANDARD = gnu99;
				GCC_DYNAMIC_NO_PIC = NO;
				GCC_NO_COMMON_BLOCKS = YES;
				GCC_OPTIMIZATION_LEVEL = 0;
				GCC_PREPROCESSOR_DEFINITIONS = (
					"DEBUG=1",
					"$(inherited)",
				);
				GCC_WARN_64_TO_32_BIT_CONVERSION = YES;
				GCC_WARN_ABOUT_RETURN_TYPE = YES_ERROR;
				GCC_WARN_UNDECLARED_SELECTOR = YES;
				GCC_WARN_UNINITIALIZED_AUTOS = YES_AGGRESSIVE;
				GCC_WARN_UNUSED_FUNCTION = YES;
				GCC_WARN_UNUSED_VARIABLE = YES;
				IPHONEOS_DEPLOYMENT_TARGET = 10.0;
				MTL_ENABLE_DEBUG_INFO = YES;
				ONLY_ACTIVE_ARCH = YES;
				SDKROOT = iphoneos;
			};
			name = Debug;
		};
		4D08827C1DB2C3900005E6C2 /* Release */ = {
			isa = XCBuildConfiguration;
			buildSettings = {
				ALWAYS_SEARCH_USER_PATHS = NO;
				CLANG_ANALYZER_NONNULL = YES;
				CLANG_CXX_LANGUAGE_STANDARD = "gnu++0x";
				CLANG_CXX_LIBRARY = "libc++";
				CLANG_ENABLE_MODULES = YES;
				CLANG_ENABLE_OBJC_ARC = YES;
				CLANG_WARN_BOOL_CONVERSION = YES;
				CLANG_WARN_CONSTANT_CONVERSION = YES;
				CLANG_WARN_DIRECT_OBJC_ISA_USAGE = YES_ERROR;
				CLANG_WARN_DOCUMENTATION_COMMENTS = YES;
				CLANG_WARN_EMPTY_BODY = YES;
				CLANG_WARN_ENUM_CONVERSION = YES;
				CLANG_WARN_INFINITE_RECURSION = YES;
				CLANG_WARN_INT_CONVERSION = YES;
				CLANG_WARN_OBJC_ROOT_CLASS = YES_ERROR;
				CLANG_WARN_SUSPICIOUS_MOVES = YES;
				CLANG_WARN_UNREACHABLE_CODE = YES;
				CLANG_WARN__DUPLICATE_METHOD_MATCH = YES;
				"CODE_SIGN_IDENTITY[sdk=iphoneos*]" = "iPhone Developer";
				COPY_PHASE_STRIP = NO;
				DEBUG_INFORMATION_FORMAT = "dwarf-with-dsym";
				ENABLE_NS_ASSERTIONS = NO;
				ENABLE_STRICT_OBJC_MSGSEND = YES;
				GCC_C_LANGUAGE_STANDARD = gnu99;
				GCC_NO_COMMON_BLOCKS = YES;
				GCC_WARN_64_TO_32_BIT_CONVERSION = YES;
				GCC_WARN_ABOUT_RETURN_TYPE = YES_ERROR;
				GCC_WARN_UNDECLARED_SELECTOR = YES;
				GCC_WARN_UNINITIALIZED_AUTOS = YES_AGGRESSIVE;
				GCC_WARN_UNUSED_FUNCTION = YES;
				GCC_WARN_UNUSED_VARIABLE = YES;
				IPHONEOS_DEPLOYMENT_TARGET = 10.0;
				MTL_ENABLE_DEBUG_INFO = NO;
				SDKROOT = iphoneos;
				VALIDATE_PRODUCT = YES;
			};
			name = Release;
		};
		4D08827E1DB2C3900005E6C2 /* Debug */ = {
			isa = XCBuildConfiguration;
			buildSettings = {
				ASSETCATALOG_COMPILER_APPICON_NAME = AppIcon;
				INFOPLIST_FILE = ShowTray/Info.plist;
				LD_RUNPATH_SEARCH_PATHS = "$(inherited) @executable_path/Frameworks";
				PRODUCT_BUNDLE_IDENTIFIER = sai.ShowTray;
				PRODUCT_NAME = "$(TARGET_NAME)";
			};
			name = Debug;
		};
		4D08827F1DB2C3900005E6C2 /* Release */ = {
			isa = XCBuildConfiguration;
			buildSettings = {
				ASSETCATALOG_COMPILER_APPICON_NAME = AppIcon;
				INFOPLIST_FILE = ShowTray/Info.plist;
				LD_RUNPATH_SEARCH_PATHS = "$(inherited) @executable_path/Frameworks";
				PRODUCT_BUNDLE_IDENTIFIER = sai.ShowTray;
				PRODUCT_NAME = "$(TARGET_NAME)";
			};
			name = Release;
		};
		4D0882811DB2C3900005E6C2 /* Debug */ = {
			isa = XCBuildConfiguration;
			buildSettings = {
				BUNDLE_LOADER = "$(TEST_HOST)";
				INFOPLIST_FILE = ShowTrayTests/Info.plist;
				LD_RUNPATH_SEARCH_PATHS = "$(inherited) @executable_path/Frameworks @loader_path/Frameworks";
				PRODUCT_BUNDLE_IDENTIFIER = sai.ShowTrayTests;
				PRODUCT_NAME = "$(TARGET_NAME)";
				TEST_HOST = "$(BUILT_PRODUCTS_DIR)/ShowTray.app/ShowTray";
			};
			name = Debug;
		};
		4D0882821DB2C3900005E6C2 /* Release */ = {
			isa = XCBuildConfiguration;
			buildSettings = {
				BUNDLE_LOADER = "$(TEST_HOST)";
				INFOPLIST_FILE = ShowTrayTests/Info.plist;
				LD_RUNPATH_SEARCH_PATHS = "$(inherited) @executable_path/Frameworks @loader_path/Frameworks";
				PRODUCT_BUNDLE_IDENTIFIER = sai.ShowTrayTests;
				PRODUCT_NAME = "$(TARGET_NAME)";
				TEST_HOST = "$(BUILT_PRODUCTS_DIR)/ShowTray.app/ShowTray";
			};
			name = Release;
		};
		4D0882841DB2C3900005E6C2 /* Debug */ = {
			isa = XCBuildConfiguration;
			buildSettings = {
				INFOPLIST_FILE = ShowTrayUITests/Info.plist;
				LD_RUNPATH_SEARCH_PATHS = "$(inherited) @executable_path/Frameworks @loader_path/Frameworks";
				PRODUCT_BUNDLE_IDENTIFIER = sai.ShowTrayUITests;
				PRODUCT_NAME = "$(TARGET_NAME)";
				TEST_TARGET_NAME = ShowTray;
			};
			name = Debug;
		};
		4D0882851DB2C3900005E6C2 /* Release */ = {
			isa = XCBuildConfiguration;
			buildSettings = {
				INFOPLIST_FILE = ShowTrayUITests/Info.plist;
				LD_RUNPATH_SEARCH_PATHS = "$(inherited) @executable_path/Frameworks @loader_path/Frameworks";
				PRODUCT_BUNDLE_IDENTIFIER = sai.ShowTrayUITests;
				PRODUCT_NAME = "$(TARGET_NAME)";
				TEST_TARGET_NAME = ShowTray;
			};
			name = Release;
		};
/* End XCBuildConfiguration section */

/* Begin XCConfigurationList section */
		4D0882481DB2C38F0005E6C2 /* Build configuration list for PBXProject "ShowTray" */ = {
			isa = XCConfigurationList;
			buildConfigurations = (
				4D08827B1DB2C3900005E6C2 /* Debug */,
				4D08827C1DB2C3900005E6C2 /* Release */,
			);
			defaultConfigurationIsVisible = 0;
			defaultConfigurationName = Release;
		};
		4D08827D1DB2C3900005E6C2 /* Build configuration list for PBXNativeTarget "ShowTray" */ = {
			isa = XCConfigurationList;
			buildConfigurations = (
				4D08827E1DB2C3900005E6C2 /* Debug */,
				4D08827F1DB2C3900005E6C2 /* Release */,
			);
			defaultConfigurationIsVisible = 0;
		};
		4D0882801DB2C3900005E6C2 /* Build configuration list for PBXNativeTarget "ShowTrayTests" */ = {
			isa = XCConfigurationList;
			buildConfigurations = (
				4D0882811DB2C3900005E6C2 /* Debug */,
				4D0882821DB2C3900005E6C2 /* Release */,
			);
			defaultConfigurationIsVisible = 0;
		};
		4D0882831DB2C3900005E6C2 /* Build configuration list for PBXNativeTarget "ShowTrayUITests" */ = {
			isa = XCConfigurationList;
			buildConfigurations = (
				4D0882841DB2C3900005E6C2 /* Debug */,
				4D0882851DB2C3900005E6C2 /* Release */,
			);
			defaultConfigurationIsVisible = 0;
		};
/* End XCConfigurationList section */

/* Begin XCVersionGroup section */
		4D08825C1DB2C3900005E6C2 /* ShowTray.xcdatamodeld */ = {
			isa = XCVersionGroup;
			children = (
				4D08825D1DB2C3900005E6C2 /* ShowTray.xcdatamodel */,
			);
			currentVersion = 4D08825D1DB2C3900005E6C2 /* ShowTray.xcdatamodel */;
			path = ShowTray.xcdatamodeld;
			sourceTree = "<group>";
			versionGroupType = wrapper.xcdatamodel;
		};
/* End XCVersionGroup section */
	};
	rootObject = 4D0882451DB2C38F0005E6C2 /* Project object */;
}
