// !$*UTF8*$!
{
	archiveVersion = 1;
	classes = {
	};
	objectVersion = 46;
	objects = {

/* Begin PBXBuildFile section */
		2766C9EEE3ADCB853D10678F /* libPods-ShowTray.a in Frameworks */ = {isa = PBXBuildFile; fileRef = 19CBA93B0BC687A498D3E24F /* libPods-ShowTray.a */; };
		4D0882521DB2C3900005E6C2 /* main.m in Sources */ = {isa = PBXBuildFile; fileRef = 4D0882511DB2C3900005E6C2 /* main.m */; };
		4D0882551DB2C3900005E6C2 /* AppDelegate.m in Sources */ = {isa = PBXBuildFile; fileRef = 4D0882541DB2C3900005E6C2 /* AppDelegate.m */; };
		4D08825B1DB2C3900005E6C2 /* Main.storyboard in Resources */ = {isa = PBXBuildFile; fileRef = 4D0882591DB2C3900005E6C2 /* Main.storyboard */; };
		4D08825E1DB2C3900005E6C2 /* ShowTray.xcdatamodeld in Sources */ = {isa = PBXBuildFile; fileRef = 4D08825C1DB2C3900005E6C2 /* ShowTray.xcdatamodeld */; };
		4D0882601DB2C3900005E6C2 /* Assets.xcassets in Resources */ = {isa = PBXBuildFile; fileRef = 4D08825F1DB2C3900005E6C2 /* Assets.xcassets */; };
		4D0882631DB2C3900005E6C2 /* LaunchScreen.storyboard in Resources */ = {isa = PBXBuildFile; fileRef = 4D0882611DB2C3900005E6C2 /* LaunchScreen.storyboard */; };
		4D08826E1DB2C3900005E6C2 /* ShowTrayTests.m in Sources */ = {isa = PBXBuildFile; fileRef = 4D08826D1DB2C3900005E6C2 /* ShowTrayTests.m */; };
		4D0882791DB2C3900005E6C2 /* ShowTrayUITests.m in Sources */ = {isa = PBXBuildFile; fileRef = 4D0882781DB2C3900005E6C2 /* ShowTrayUITests.m */; };
		4D0980181DBB5E88008A0137 /* STTableViewCell.m in Sources */ = {isa = PBXBuildFile; fileRef = 4D0980171DBB5E88008A0137 /* STTableViewCell.m */; };
		4D09801C1DBB654C008A0137 /* STMyAccountViewController.m in Sources */ = {isa = PBXBuildFile; fileRef = 4D09801B1DBB654C008A0137 /* STMyAccountViewController.m */; };
		4D122B931DB6C4FB0060F2EB /* singletonClass.m in Sources */ = {isa = PBXBuildFile; fileRef = 4D122B901DB6C4FB0060F2EB /* singletonClass.m */; };
		4D122B941DB6C4FB0060F2EB /* OraReachability.m in Sources */ = {isa = PBXBuildFile; fileRef = 4D122B921DB6C4FB0060F2EB /* OraReachability.m */; };
		4D122B9A1DB6C5730060F2EB /* MBProgressHUD.m in Sources */ = {isa = PBXBuildFile; fileRef = 4D122B991DB6C5730060F2EB /* MBProgressHUD.m */; };
		4D122B9D1DB6C57D0060F2EB /* Reachability.m in Sources */ = {isa = PBXBuildFile; fileRef = 4D122B9C1DB6C57D0060F2EB /* Reachability.m */; };
		4D122BC51DB6C6B20060F2EB /* IQNSArray+Sort.m in Sources */ = {isa = PBXBuildFile; fileRef = 4D122BA61DB6C6B20060F2EB /* IQNSArray+Sort.m */; };
		4D122BC61DB6C6B20060F2EB /* IQUITextFieldView+Additions.m in Sources */ = {isa = PBXBuildFile; fileRef = 4D122BA81DB6C6B20060F2EB /* IQUITextFieldView+Additions.m */; };
		4D122BC71DB6C6B20060F2EB /* IQUIView+Hierarchy.m in Sources */ = {isa = PBXBuildFile; fileRef = 4D122BAA1DB6C6B20060F2EB /* IQUIView+Hierarchy.m */; };
		4D122BC81DB6C6B20060F2EB /* IQUIViewController+Additions.m in Sources */ = {isa = PBXBuildFile; fileRef = 4D122BAC1DB6C6B20060F2EB /* IQUIViewController+Additions.m */; };
		4D122BC91DB6C6B20060F2EB /* IQUIWindow+Hierarchy.m in Sources */ = {isa = PBXBuildFile; fileRef = 4D122BAE1DB6C6B20060F2EB /* IQUIWindow+Hierarchy.m */; };
		4D122BCA1DB6C6B20060F2EB /* IQKeyboardManager.m in Sources */ = {isa = PBXBuildFile; fileRef = 4D122BB31DB6C6B20060F2EB /* IQKeyboardManager.m */; };
		4D122BCB1DB6C6B20060F2EB /* IQKeyboardReturnKeyHandler.m in Sources */ = {isa = PBXBuildFile; fileRef = 4D122BB51DB6C6B20060F2EB /* IQKeyboardReturnKeyHandler.m */; };
		4D122BCC1DB6C6B20060F2EB /* IQTextView.m in Sources */ = {isa = PBXBuildFile; fileRef = 4D122BB81DB6C6B20060F2EB /* IQTextView.m */; };
		4D122BCD1DB6C6B20060F2EB /* IQBarButtonItem.m in Sources */ = {isa = PBXBuildFile; fileRef = 4D122BBB1DB6C6B20060F2EB /* IQBarButtonItem.m */; };
		4D122BCE1DB6C6B20060F2EB /* IQTitleBarButtonItem.m in Sources */ = {isa = PBXBuildFile; fileRef = 4D122BBD1DB6C6B20060F2EB /* IQTitleBarButtonItem.m */; };
		4D122BCF1DB6C6B20060F2EB /* IQToolbar.m in Sources */ = {isa = PBXBuildFile; fileRef = 4D122BBF1DB6C6B20060F2EB /* IQToolbar.m */; };
		4D122BD01DB6C6B20060F2EB /* IQUIView+IQKeyboardToolbar.m in Sources */ = {isa = PBXBuildFile; fileRef = 4D122BC11DB6C6B20060F2EB /* IQUIView+IQKeyboardToolbar.m */; };
		4D122BD11DB6C6B20060F2EB /* IQKeyboardManager.bundle in Resources */ = {isa = PBXBuildFile; fileRef = 4D122BC41DB6C6B20060F2EB /* IQKeyboardManager.bundle */; };
		4D122C1A1DB6C9410060F2EB /* DGActivityIndicatorBallBeatAnimation.m in Sources */ = {isa = PBXBuildFile; fileRef = 4D122BD61DB6C9410060F2EB /* DGActivityIndicatorBallBeatAnimation.m */; };
		4D122C1B1DB6C9410060F2EB /* DGActivityIndicatorBallClipRotateAnimation.m in Sources */ = {isa = PBXBuildFile; fileRef = 4D122BD81DB6C9410060F2EB /* DGActivityIndicatorBallClipRotateAnimation.m */; };
		4D122C1C1DB6C9410060F2EB /* DGActivityIndicatorBallClipRotateMultipleAnimation.m in Sources */ = {isa = PBXBuildFile; fileRef = 4D122BDA1DB6C9410060F2EB /* DGActivityIndicatorBallClipRotateMultipleAnimation.m */; };
		4D122C1D1DB6C9410060F2EB /* DGActivityIndicatorBallClipRotatePulseAnimation.m in Sources */ = {isa = PBXBuildFile; fileRef = 4D122BDC1DB6C9410060F2EB /* DGActivityIndicatorBallClipRotatePulseAnimation.m */; };
		4D122C1E1DB6C9410060F2EB /* DGActivityIndicatorBallGridBeatAnimation.m in Sources */ = {isa = PBXBuildFile; fileRef = 4D122BDE1DB6C9410060F2EB /* DGActivityIndicatorBallGridBeatAnimation.m */; };
		4D122C1F1DB6C9410060F2EB /* DGActivityIndicatorBallGridPulseAnimation.m in Sources */ = {isa = PBXBuildFile; fileRef = 4D122BE01DB6C9410060F2EB /* DGActivityIndicatorBallGridPulseAnimation.m */; };
		4D122C201DB6C9410060F2EB /* DGActivityIndicatorBallPulseAnimation.m in Sources */ = {isa = PBXBuildFile; fileRef = 4D122BE21DB6C9410060F2EB /* DGActivityIndicatorBallPulseAnimation.m */; };
		4D122C211DB6C9410060F2EB /* DGActivityIndicatorBallPulseSyncAnimation.m in Sources */ = {isa = PBXBuildFile; fileRef = 4D122BE41DB6C9410060F2EB /* DGActivityIndicatorBallPulseSyncAnimation.m */; };
		4D122C221DB6C9410060F2EB /* DGActivityIndicatorBallRotateAnimation.m in Sources */ = {isa = PBXBuildFile; fileRef = 4D122BE61DB6C9410060F2EB /* DGActivityIndicatorBallRotateAnimation.m */; };
		4D122C231DB6C9410060F2EB /* DGActivityIndicatorBallScaleAnimation.m in Sources */ = {isa = PBXBuildFile; fileRef = 4D122BE81DB6C9410060F2EB /* DGActivityIndicatorBallScaleAnimation.m */; };
		4D122C241DB6C9410060F2EB /* DGActivityIndicatorBallScaleMultipleAnimation.m in Sources */ = {isa = PBXBuildFile; fileRef = 4D122BEA1DB6C9410060F2EB /* DGActivityIndicatorBallScaleMultipleAnimation.m */; };
		4D122C251DB6C9410060F2EB /* DGActivityIndicatorBallScaleRippleAnimation.m in Sources */ = {isa = PBXBuildFile; fileRef = 4D122BEC1DB6C9410060F2EB /* DGActivityIndicatorBallScaleRippleAnimation.m */; };
		4D122C261DB6C9410060F2EB /* DGActivityIndicatorBallScaleRippleMultipleAnimation.m in Sources */ = {isa = PBXBuildFile; fileRef = 4D122BEE1DB6C9410060F2EB /* DGActivityIndicatorBallScaleRippleMultipleAnimation.m */; };
		4D122C271DB6C9410060F2EB /* DGActivityIndicatorBallSpinFadeLoader.m in Sources */ = {isa = PBXBuildFile; fileRef = 4D122BF01DB6C9410060F2EB /* DGActivityIndicatorBallSpinFadeLoader.m */; };
		4D122C281DB6C9410060F2EB /* DGActivityIndicatorBallTrianglePathAnimation.m in Sources */ = {isa = PBXBuildFile; fileRef = 4D122BF21DB6C9410060F2EB /* DGActivityIndicatorBallTrianglePathAnimation.m */; };
		4D122C291DB6C9410060F2EB /* DGActivityIndicatorBallZigZagAnimation.m in Sources */ = {isa = PBXBuildFile; fileRef = 4D122BF41DB6C9410060F2EB /* DGActivityIndicatorBallZigZagAnimation.m */; };
		4D122C2A1DB6C9410060F2EB /* DGActivityIndicatorBallZigZagDeflectAnimation.m in Sources */ = {isa = PBXBuildFile; fileRef = 4D122BF61DB6C9410060F2EB /* DGActivityIndicatorBallZigZagDeflectAnimation.m */; };
		4D122C2B1DB6C9410060F2EB /* DGActivityIndicatorCookieTerminatorAnimation.m in Sources */ = {isa = PBXBuildFile; fileRef = 4D122BF81DB6C9410060F2EB /* DGActivityIndicatorCookieTerminatorAnimation.m */; };
		4D122C2C1DB6C9410060F2EB /* DGActivityIndicatorDoubleBounceAnimation.m in Sources */ = {isa = PBXBuildFile; fileRef = 4D122BFA1DB6C9410060F2EB /* DGActivityIndicatorDoubleBounceAnimation.m */; };
		4D122C2D1DB6C9410060F2EB /* DGActivityIndicatorFiveDotsAnimation.m in Sources */ = {isa = PBXBuildFile; fileRef = 4D122BFC1DB6C9410060F2EB /* DGActivityIndicatorFiveDotsAnimation.m */; };
		4D122C2E1DB6C9410060F2EB /* DGActivityIndicatorLineScaleAnimation.m in Sources */ = {isa = PBXBuildFile; fileRef = 4D122BFE1DB6C9410060F2EB /* DGActivityIndicatorLineScaleAnimation.m */; };
		4D122C2F1DB6C9410060F2EB /* DGActivityIndicatorLineScalePartyAnimation.m in Sources */ = {isa = PBXBuildFile; fileRef = 4D122C001DB6C9410060F2EB /* DGActivityIndicatorLineScalePartyAnimation.m */; };
		4D122C301DB6C9410060F2EB /* DGActivityIndicatorLineScalePulseOutAnimation.m in Sources */ = {isa = PBXBuildFile; fileRef = 4D122C021DB6C9410060F2EB /* DGActivityIndicatorLineScalePulseOutAnimation.m */; };
		4D122C311DB6C9410060F2EB /* DGActivityIndicatorLineScalePulseOutRapidAnimation.m in Sources */ = {isa = PBXBuildFile; fileRef = 4D122C041DB6C9410060F2EB /* DGActivityIndicatorLineScalePulseOutRapidAnimation.m */; };
		4D122C321DB6C9410060F2EB /* DGActivityIndicatorNineDotsAnimation.m in Sources */ = {isa = PBXBuildFile; fileRef = 4D122C061DB6C9410060F2EB /* DGActivityIndicatorNineDotsAnimation.m */; };
		4D122C331DB6C9410060F2EB /* DGActivityIndicatorRotatingSandglassAnimation.m in Sources */ = {isa = PBXBuildFile; fileRef = 4D122C081DB6C9410060F2EB /* DGActivityIndicatorRotatingSandglassAnimation.m */; };
		4D122C341DB6C9410060F2EB /* DGActivityIndicatorRotatingSquaresAnimation.m in Sources */ = {isa = PBXBuildFile; fileRef = 4D122C0A1DB6C9410060F2EB /* DGActivityIndicatorRotatingSquaresAnimation.m */; };
		4D122C351DB6C9410060F2EB /* DGActivityIndicatorRotatingTrigonAnimation.m in Sources */ = {isa = PBXBuildFile; fileRef = 4D122C0C1DB6C9410060F2EB /* DGActivityIndicatorRotatingTrigonAnimation.m */; };
		4D122C361DB6C9410060F2EB /* DGActivityIndicatorThreeDotsAnimation.m in Sources */ = {isa = PBXBuildFile; fileRef = 4D122C0E1DB6C9410060F2EB /* DGActivityIndicatorThreeDotsAnimation.m */; };
		4D122C371DB6C9410060F2EB /* DGActivityIndicatorTriangleSkewSpinAnimation.m in Sources */ = {isa = PBXBuildFile; fileRef = 4D122C101DB6C9410060F2EB /* DGActivityIndicatorTriangleSkewSpinAnimation.m */; };
		4D122C381DB6C9410060F2EB /* DGActivityIndicatorTriplePulseAnimation.m in Sources */ = {isa = PBXBuildFile; fileRef = 4D122C121DB6C9410060F2EB /* DGActivityIndicatorTriplePulseAnimation.m */; };
		4D122C391DB6C9410060F2EB /* DGActivityIndicatorTripleRingsAnimation.m in Sources */ = {isa = PBXBuildFile; fileRef = 4D122C141DB6C9410060F2EB /* DGActivityIndicatorTripleRingsAnimation.m */; };
		4D122C3A1DB6C9410060F2EB /* DGActivityIndicatorTwoDotsAnimation.m in Sources */ = {isa = PBXBuildFile; fileRef = 4D122C161DB6C9410060F2EB /* DGActivityIndicatorTwoDotsAnimation.m */; };
		4D122C3B1DB6C9410060F2EB /* DGActivityIndicatorView.m in Sources */ = {isa = PBXBuildFile; fileRef = 4D122C191DB6C9410060F2EB /* DGActivityIndicatorView.m */; };
		4D122C521DB6C96B0060F2EB /* CCMBorderView.m in Sources */ = {isa = PBXBuildFile; fileRef = 4D122C3E1DB6C96B0060F2EB /* CCMBorderView.m */; };
		4D122C621DB6D80D0060F2EB /* STSignUpViewController.m in Sources */ = {isa = PBXBuildFile; fileRef = 4D122C611DB6D80D0060F2EB /* STSignUpViewController.m */; };
		4D4A864F1DBA8E7E00C0431E /* STForgotPasswordViewController.m in Sources */ = {isa = PBXBuildFile; fileRef = 4D4A864E1DBA8E7E00C0431E /* STForgotPasswordViewController.m */; };
		4D4A86521DBA93EF00C0431E /* sample1.png in Resources */ = {isa = PBXBuildFile; fileRef = 4D4A86511DBA93EF00C0431E /* sample1.png */; };
		4D54995F1DBC935A003CA5AA /* STEditProfileViewController.m in Sources */ = {isa = PBXBuildFile; fileRef = 4D54995E1DBC935A003CA5AA /* STEditProfileViewController.m */; };
		4D8E60321DB7FC2A00DB3A39 /* SWRevealViewController.m in Sources */ = {isa = PBXBuildFile; fileRef = 4D8E60311DB7FC2A00DB3A39 /* SWRevealViewController.m */; };
		4D8E60401DB8009800DB3A39 /* MenuTableViewController.m in Sources */ = {isa = PBXBuildFile; fileRef = 4D8E603B1DB8009800DB3A39 /* MenuTableViewController.m */; };
		4D8E60411DB8009800DB3A39 /* ViewController1.m in Sources */ = {isa = PBXBuildFile; fileRef = 4D8E603D1DB8009800DB3A39 /* ViewController1.m */; };
		4D8E60421DB8009800DB3A39 /* ViewController2.m in Sources */ = {isa = PBXBuildFile; fileRef = 4D8E603F1DB8009800DB3A39 /* ViewController2.m */; };
		4D8E60441DB800C800DB3A39 /* MainStuff.storyboard in Resources */ = {isa = PBXBuildFile; fileRef = 4D8E60431DB800C800DB3A39 /* MainStuff.storyboard */; };
		4D99C4721DBBAB76009840BF /* sample2.png in Resources */ = {isa = PBXBuildFile; fileRef = 4D99C4711DBBAB76009840BF /* sample2.png */; };
		4D99C4741DBBABE7009840BF /* sample3.png in Resources */ = {isa = PBXBuildFile; fileRef = 4D99C4731DBBABE7009840BF /* sample3.png */; };
		4D99C4761DBBC26A009840BF /* edit.png in Resources */ = {isa = PBXBuildFile; fileRef = 4D99C4751DBBC26A009840BF /* edit.png */; };
		4DBB9CFF1DB3601800C9D9AA /* STLoginViewController.m in Sources */ = {isa = PBXBuildFile; fileRef = 4DBB9CFE1DB3601800C9D9AA /* STLoginViewController.m */; };
		4DBB9D021DB3660600C9D9AA /* MapKit.framework in Frameworks */ = {isa = PBXBuildFile; fileRef = 4DBB9D011DB3660600C9D9AA /* MapKit.framework */; };
		4DCF2FD11DB7E61B00723E16 /* GoogleService-Info.plist in Resources */ = {isa = PBXBuildFile; fileRef = 4DCF2FD01DB7E61B00723E16 /* GoogleService-Info.plist */; };
/* End PBXBuildFile section */

/* Begin PBXContainerItemProxy section */
		4D08826A1DB2C3900005E6C2 /* PBXContainerItemProxy */ = {
			isa = PBXContainerItemProxy;
			containerPortal = 4D0882451DB2C38F0005E6C2 /* Project object */;
			proxyType = 1;
			remoteGlobalIDString = 4D08824C1DB2C38F0005E6C2;
			remoteInfo = ShowTray;
		};
		4D0882751DB2C3900005E6C2 /* PBXContainerItemProxy */ = {
			isa = PBXContainerItemProxy;
			containerPortal = 4D0882451DB2C38F0005E6C2 /* Project object */;
			proxyType = 1;
			remoteGlobalIDString = 4D08824C1DB2C38F0005E6C2;
			remoteInfo = ShowTray;
		};
/* End PBXContainerItemProxy section */

/* Begin PBXFileReference section */
		08A0F3A2565890A557881EB0 /* Pods-ShowTray.release.xcconfig */ = {isa = PBXFileReference; includeInIndex = 1; lastKnownFileType = text.xcconfig; name = "Pods-ShowTray.release.xcconfig"; path = "Pods/Target Support Files/Pods-ShowTray/Pods-ShowTray.release.xcconfig"; sourceTree = "<group>"; };
		19CBA93B0BC687A498D3E24F /* libPods-ShowTray.a */ = {isa = PBXFileReference; explicitFileType = archive.ar; includeInIndex = 0; path = "libPods-ShowTray.a"; sourceTree = BUILT_PRODUCTS_DIR; };
		4D08824D1DB2C3900005E6C2 /* ShowTray.app */ = {isa = PBXFileReference; explicitFileType = wrapper.application; includeInIndex = 0; path = ShowTray.app; sourceTree = BUILT_PRODUCTS_DIR; };
		4D0882511DB2C3900005E6C2 /* main.m */ = {isa = PBXFileReference; lastKnownFileType = sourcecode.c.objc; path = main.m; sourceTree = "<group>"; };
		4D0882531DB2C3900005E6C2 /* AppDelegate.h */ = {isa = PBXFileReference; lastKnownFileType = sourcecode.c.h; path = AppDelegate.h; sourceTree = "<group>"; };
		4D0882541DB2C3900005E6C2 /* AppDelegate.m */ = {isa = PBXFileReference; lastKnownFileType = sourcecode.c.objc; path = AppDelegate.m; sourceTree = "<group>"; };
		4D08825A1DB2C3900005E6C2 /* Base */ = {isa = PBXFileReference; lastKnownFileType = file.storyboard; name = Base; path = Base.lproj/Main.storyboard; sourceTree = "<group>"; };
		4D08825D1DB2C3900005E6C2 /* ShowTray.xcdatamodel */ = {isa = PBXFileReference; lastKnownFileType = wrapper.xcdatamodel; path = ShowTray.xcdatamodel; sourceTree = "<group>"; };
		4D08825F1DB2C3900005E6C2 /* Assets.xcassets */ = {isa = PBXFileReference; lastKnownFileType = folder.assetcatalog; path = Assets.xcassets; sourceTree = "<group>"; };
		4D0882621DB2C3900005E6C2 /* Base */ = {isa = PBXFileReference; lastKnownFileType = file.storyboard; name = Base; path = Base.lproj/LaunchScreen.storyboard; sourceTree = "<group>"; };
		4D0882641DB2C3900005E6C2 /* Info.plist */ = {isa = PBXFileReference; lastKnownFileType = text.plist.xml; path = Info.plist; sourceTree = "<group>"; };
		4D0882691DB2C3900005E6C2 /* ShowTrayTests.xctest */ = {isa = PBXFileReference; explicitFileType = wrapper.cfbundle; includeInIndex = 0; path = ShowTrayTests.xctest; sourceTree = BUILT_PRODUCTS_DIR; };
		4D08826D1DB2C3900005E6C2 /* ShowTrayTests.m */ = {isa = PBXFileReference; lastKnownFileType = sourcecode.c.objc; path = ShowTrayTests.m; sourceTree = "<group>"; };
		4D08826F1DB2C3900005E6C2 /* Info.plist */ = {isa = PBXFileReference; lastKnownFileType = text.plist.xml; path = Info.plist; sourceTree = "<group>"; };
		4D0882741DB2C3900005E6C2 /* ShowTrayUITests.xctest */ = {isa = PBXFileReference; explicitFileType = wrapper.cfbundle; includeInIndex = 0; path = ShowTrayUITests.xctest; sourceTree = BUILT_PRODUCTS_DIR; };
		4D0882781DB2C3900005E6C2 /* ShowTrayUITests.m */ = {isa = PBXFileReference; lastKnownFileType = sourcecode.c.objc; path = ShowTrayUITests.m; sourceTree = "<group>"; };
		4D08827A1DB2C3900005E6C2 /* Info.plist */ = {isa = PBXFileReference; lastKnownFileType = text.plist.xml; path = Info.plist; sourceTree = "<group>"; };
		4D0980161DBB5E88008A0137 /* STTableViewCell.h */ = {isa = PBXFileReference; fileEncoding = 4; lastKnownFileType = sourcecode.c.h; path = STTableViewCell.h; sourceTree = "<group>"; };
		4D0980171DBB5E88008A0137 /* STTableViewCell.m */ = {isa = PBXFileReference; fileEncoding = 4; lastKnownFileType = sourcecode.c.objc; path = STTableViewCell.m; sourceTree = "<group>"; };
		4D09801A1DBB654C008A0137 /* STMyAccountViewController.h */ = {isa = PBXFileReference; fileEncoding = 4; lastKnownFileType = sourcecode.c.h; path = STMyAccountViewController.h; sourceTree = "<group>"; };
		4D09801B1DBB654C008A0137 /* STMyAccountViewController.m */ = {isa = PBXFileReference; fileEncoding = 4; lastKnownFileType = sourcecode.c.objc; path = STMyAccountViewController.m; sourceTree = "<group>"; };
		4D122B8F1DB6C4FB0060F2EB /* singletonClass.h */ = {isa = PBXFileReference; fileEncoding = 4; lastKnownFileType = sourcecode.c.h; path = singletonClass.h; sourceTree = "<group>"; };
		4D122B901DB6C4FB0060F2EB /* singletonClass.m */ = {isa = PBXFileReference; fileEncoding = 4; lastKnownFileType = sourcecode.c.objc; path = singletonClass.m; sourceTree = "<group>"; };
		4D122B911DB6C4FB0060F2EB /* OraReachability.h */ = {isa = PBXFileReference; fileEncoding = 4; lastKnownFileType = sourcecode.c.h; path = OraReachability.h; sourceTree = "<group>"; };
		4D122B921DB6C4FB0060F2EB /* OraReachability.m */ = {isa = PBXFileReference; fileEncoding = 4; lastKnownFileType = sourcecode.c.objc; path = OraReachability.m; sourceTree = "<group>"; };
		4D122B981DB6C5730060F2EB /* MBProgressHUD.h */ = {isa = PBXFileReference; fileEncoding = 4; lastKnownFileType = sourcecode.c.h; path = MBProgressHUD.h; sourceTree = "<group>"; };
		4D122B991DB6C5730060F2EB /* MBProgressHUD.m */ = {isa = PBXFileReference; fileEncoding = 4; lastKnownFileType = sourcecode.c.objc; path = MBProgressHUD.m; sourceTree = "<group>"; };
		4D122B9B1DB6C57D0060F2EB /* Reachability.h */ = {isa = PBXFileReference; fileEncoding = 4; lastKnownFileType = sourcecode.c.h; path = Reachability.h; sourceTree = "<group>"; };
		4D122B9C1DB6C57D0060F2EB /* Reachability.m */ = {isa = PBXFileReference; fileEncoding = 4; lastKnownFileType = sourcecode.c.objc; path = Reachability.m; sourceTree = "<group>"; };
		4D122BA51DB6C6B20060F2EB /* IQNSArray+Sort.h */ = {isa = PBXFileReference; fileEncoding = 4; lastKnownFileType = sourcecode.c.h; path = "IQNSArray+Sort.h"; sourceTree = "<group>"; };
		4D122BA61DB6C6B20060F2EB /* IQNSArray+Sort.m */ = {isa = PBXFileReference; fileEncoding = 4; lastKnownFileType = sourcecode.c.objc; path = "IQNSArray+Sort.m"; sourceTree = "<group>"; };
		4D122BA71DB6C6B20060F2EB /* IQUITextFieldView+Additions.h */ = {isa = PBXFileReference; fileEncoding = 4; lastKnownFileType = sourcecode.c.h; path = "IQUITextFieldView+Additions.h"; sourceTree = "<group>"; };
		4D122BA81DB6C6B20060F2EB /* IQUITextFieldView+Additions.m */ = {isa = PBXFileReference; fileEncoding = 4; lastKnownFileType = sourcecode.c.objc; path = "IQUITextFieldView+Additions.m"; sourceTree = "<group>"; };
		4D122BA91DB6C6B20060F2EB /* IQUIView+Hierarchy.h */ = {isa = PBXFileReference; fileEncoding = 4; lastKnownFileType = sourcecode.c.h; path = "IQUIView+Hierarchy.h"; sourceTree = "<group>"; };
		4D122BAA1DB6C6B20060F2EB /* IQUIView+Hierarchy.m */ = {isa = PBXFileReference; fileEncoding = 4; lastKnownFileType = sourcecode.c.objc; path = "IQUIView+Hierarchy.m"; sourceTree = "<group>"; };
		4D122BAB1DB6C6B20060F2EB /* IQUIViewController+Additions.h */ = {isa = PBXFileReference; fileEncoding = 4; lastKnownFileType = sourcecode.c.h; path = "IQUIViewController+Additions.h"; sourceTree = "<group>"; };
		4D122BAC1DB6C6B20060F2EB /* IQUIViewController+Additions.m */ = {isa = PBXFileReference; fileEncoding = 4; lastKnownFileType = sourcecode.c.objc; path = "IQUIViewController+Additions.m"; sourceTree = "<group>"; };
		4D122BAD1DB6C6B20060F2EB /* IQUIWindow+Hierarchy.h */ = {isa = PBXFileReference; fileEncoding = 4; lastKnownFileType = sourcecode.c.h; path = "IQUIWindow+Hierarchy.h"; sourceTree = "<group>"; };
		4D122BAE1DB6C6B20060F2EB /* IQUIWindow+Hierarchy.m */ = {isa = PBXFileReference; fileEncoding = 4; lastKnownFileType = sourcecode.c.objc; path = "IQUIWindow+Hierarchy.m"; sourceTree = "<group>"; };
		4D122BB01DB6C6B20060F2EB /* IQKeyboardManagerConstants.h */ = {isa = PBXFileReference; fileEncoding = 4; lastKnownFileType = sourcecode.c.h; path = IQKeyboardManagerConstants.h; sourceTree = "<group>"; };
		4D122BB11DB6C6B20060F2EB /* IQKeyboardManagerConstantsInternal.h */ = {isa = PBXFileReference; fileEncoding = 4; lastKnownFileType = sourcecode.c.h; path = IQKeyboardManagerConstantsInternal.h; sourceTree = "<group>"; };
		4D122BB21DB6C6B20060F2EB /* IQKeyboardManager.h */ = {isa = PBXFileReference; fileEncoding = 4; lastKnownFileType = sourcecode.c.h; path = IQKeyboardManager.h; sourceTree = "<group>"; };
		4D122BB31DB6C6B20060F2EB /* IQKeyboardManager.m */ = {isa = PBXFileReference; fileEncoding = 4; lastKnownFileType = sourcecode.c.objc; path = IQKeyboardManager.m; sourceTree = "<group>"; };
		4D122BB41DB6C6B20060F2EB /* IQKeyboardReturnKeyHandler.h */ = {isa = PBXFileReference; fileEncoding = 4; lastKnownFileType = sourcecode.c.h; path = IQKeyboardReturnKeyHandler.h; sourceTree = "<group>"; };
		4D122BB51DB6C6B20060F2EB /* IQKeyboardReturnKeyHandler.m */ = {isa = PBXFileReference; fileEncoding = 4; lastKnownFileType = sourcecode.c.objc; path = IQKeyboardReturnKeyHandler.m; sourceTree = "<group>"; };
		4D122BB71DB6C6B20060F2EB /* IQTextView.h */ = {isa = PBXFileReference; fileEncoding = 4; lastKnownFileType = sourcecode.c.h; path = IQTextView.h; sourceTree = "<group>"; };
		4D122BB81DB6C6B20060F2EB /* IQTextView.m */ = {isa = PBXFileReference; fileEncoding = 4; lastKnownFileType = sourcecode.c.objc; path = IQTextView.m; sourceTree = "<group>"; };
		4D122BBA1DB6C6B20060F2EB /* IQBarButtonItem.h */ = {isa = PBXFileReference; fileEncoding = 4; lastKnownFileType = sourcecode.c.h; path = IQBarButtonItem.h; sourceTree = "<group>"; };
		4D122BBB1DB6C6B20060F2EB /* IQBarButtonItem.m */ = {isa = PBXFileReference; fileEncoding = 4; lastKnownFileType = sourcecode.c.objc; path = IQBarButtonItem.m; sourceTree = "<group>"; };
		4D122BBC1DB6C6B20060F2EB /* IQTitleBarButtonItem.h */ = {isa = PBXFileReference; fileEncoding = 4; lastKnownFileType = sourcecode.c.h; path = IQTitleBarButtonItem.h; sourceTree = "<group>"; };
		4D122BBD1DB6C6B20060F2EB /* IQTitleBarButtonItem.m */ = {isa = PBXFileReference; fileEncoding = 4; lastKnownFileType = sourcecode.c.objc; path = IQTitleBarButtonItem.m; sourceTree = "<group>"; };
		4D122BBE1DB6C6B20060F2EB /* IQToolbar.h */ = {isa = PBXFileReference; fileEncoding = 4; lastKnownFileType = sourcecode.c.h; path = IQToolbar.h; sourceTree = "<group>"; };
		4D122BBF1DB6C6B20060F2EB /* IQToolbar.m */ = {isa = PBXFileReference; fileEncoding = 4; lastKnownFileType = sourcecode.c.objc; path = IQToolbar.m; sourceTree = "<group>"; };
		4D122BC01DB6C6B20060F2EB /* IQUIView+IQKeyboardToolbar.h */ = {isa = PBXFileReference; fileEncoding = 4; lastKnownFileType = sourcecode.c.h; path = "IQUIView+IQKeyboardToolbar.h"; sourceTree = "<group>"; };
		4D122BC11DB6C6B20060F2EB /* IQUIView+IQKeyboardToolbar.m */ = {isa = PBXFileReference; fileEncoding = 4; lastKnownFileType = sourcecode.c.objc; path = "IQUIView+IQKeyboardToolbar.m"; sourceTree = "<group>"; };
		4D122BC21DB6C6B20060F2EB /* KeyboardManager.h */ = {isa = PBXFileReference; fileEncoding = 4; lastKnownFileType = sourcecode.c.h; path = KeyboardManager.h; sourceTree = "<group>"; };
		4D122BC41DB6C6B20060F2EB /* IQKeyboardManager.bundle */ = {isa = PBXFileReference; lastKnownFileType = "wrapper.plug-in"; path = IQKeyboardManager.bundle; sourceTree = "<group>"; };
		4D122BD21DB6C8090060F2EB /* PrefixHeader.pch */ = {isa = PBXFileReference; lastKnownFileType = sourcecode.c.h; path = PrefixHeader.pch; sourceTree = "<group>"; };
		4D122BD51DB6C9410060F2EB /* DGActivityIndicatorBallBeatAnimation.h */ = {isa = PBXFileReference; fileEncoding = 4; lastKnownFileType = sourcecode.c.h; path = DGActivityIndicatorBallBeatAnimation.h; sourceTree = "<group>"; };
		4D122BD61DB6C9410060F2EB /* DGActivityIndicatorBallBeatAnimation.m */ = {isa = PBXFileReference; fileEncoding = 4; lastKnownFileType = sourcecode.c.objc; path = DGActivityIndicatorBallBeatAnimation.m; sourceTree = "<group>"; };
		4D122BD71DB6C9410060F2EB /* DGActivityIndicatorBallClipRotateAnimation.h */ = {isa = PBXFileReference; fileEncoding = 4; lastKnownFileType = sourcecode.c.h; path = DGActivityIndicatorBallClipRotateAnimation.h; sourceTree = "<group>"; };
		4D122BD81DB6C9410060F2EB /* DGActivityIndicatorBallClipRotateAnimation.m */ = {isa = PBXFileReference; fileEncoding = 4; lastKnownFileType = sourcecode.c.objc; path = DGActivityIndicatorBallClipRotateAnimation.m; sourceTree = "<group>"; };
		4D122BD91DB6C9410060F2EB /* DGActivityIndicatorBallClipRotateMultipleAnimation.h */ = {isa = PBXFileReference; fileEncoding = 4; lastKnownFileType = sourcecode.c.h; path = DGActivityIndicatorBallClipRotateMultipleAnimation.h; sourceTree = "<group>"; };
		4D122BDA1DB6C9410060F2EB /* DGActivityIndicatorBallClipRotateMultipleAnimation.m */ = {isa = PBXFileReference; fileEncoding = 4; lastKnownFileType = sourcecode.c.objc; path = DGActivityIndicatorBallClipRotateMultipleAnimation.m; sourceTree = "<group>"; };
		4D122BDB1DB6C9410060F2EB /* DGActivityIndicatorBallClipRotatePulseAnimation.h */ = {isa = PBXFileReference; fileEncoding = 4; lastKnownFileType = sourcecode.c.h; path = DGActivityIndicatorBallClipRotatePulseAnimation.h; sourceTree = "<group>"; };
		4D122BDC1DB6C9410060F2EB /* DGActivityIndicatorBallClipRotatePulseAnimation.m */ = {isa = PBXFileReference; fileEncoding = 4; lastKnownFileType = sourcecode.c.objc; path = DGActivityIndicatorBallClipRotatePulseAnimation.m; sourceTree = "<group>"; };
		4D122BDD1DB6C9410060F2EB /* DGActivityIndicatorBallGridBeatAnimation.h */ = {isa = PBXFileReference; fileEncoding = 4; lastKnownFileType = sourcecode.c.h; path = DGActivityIndicatorBallGridBeatAnimation.h; sourceTree = "<group>"; };
		4D122BDE1DB6C9410060F2EB /* DGActivityIndicatorBallGridBeatAnimation.m */ = {isa = PBXFileReference; fileEncoding = 4; lastKnownFileType = sourcecode.c.objc; path = DGActivityIndicatorBallGridBeatAnimation.m; sourceTree = "<group>"; };
		4D122BDF1DB6C9410060F2EB /* DGActivityIndicatorBallGridPulseAnimation.h */ = {isa = PBXFileReference; fileEncoding = 4; lastKnownFileType = sourcecode.c.h; path = DGActivityIndicatorBallGridPulseAnimation.h; sourceTree = "<group>"; };
		4D122BE01DB6C9410060F2EB /* DGActivityIndicatorBallGridPulseAnimation.m */ = {isa = PBXFileReference; fileEncoding = 4; lastKnownFileType = sourcecode.c.objc; path = DGActivityIndicatorBallGridPulseAnimation.m; sourceTree = "<group>"; };
		4D122BE11DB6C9410060F2EB /* DGActivityIndicatorBallPulseAnimation.h */ = {isa = PBXFileReference; fileEncoding = 4; lastKnownFileType = sourcecode.c.h; path = DGActivityIndicatorBallPulseAnimation.h; sourceTree = "<group>"; };
		4D122BE21DB6C9410060F2EB /* DGActivityIndicatorBallPulseAnimation.m */ = {isa = PBXFileReference; fileEncoding = 4; lastKnownFileType = sourcecode.c.objc; path = DGActivityIndicatorBallPulseAnimation.m; sourceTree = "<group>"; };
		4D122BE31DB6C9410060F2EB /* DGActivityIndicatorBallPulseSyncAnimation.h */ = {isa = PBXFileReference; fileEncoding = 4; lastKnownFileType = sourcecode.c.h; path = DGActivityIndicatorBallPulseSyncAnimation.h; sourceTree = "<group>"; };
		4D122BE41DB6C9410060F2EB /* DGActivityIndicatorBallPulseSyncAnimation.m */ = {isa = PBXFileReference; fileEncoding = 4; lastKnownFileType = sourcecode.c.objc; path = DGActivityIndicatorBallPulseSyncAnimation.m; sourceTree = "<group>"; };
		4D122BE51DB6C9410060F2EB /* DGActivityIndicatorBallRotateAnimation.h */ = {isa = PBXFileReference; fileEncoding = 4; lastKnownFileType = sourcecode.c.h; path = DGActivityIndicatorBallRotateAnimation.h; sourceTree = "<group>"; };
		4D122BE61DB6C9410060F2EB /* DGActivityIndicatorBallRotateAnimation.m */ = {isa = PBXFileReference; fileEncoding = 4; lastKnownFileType = sourcecode.c.objc; path = DGActivityIndicatorBallRotateAnimation.m; sourceTree = "<group>"; };
		4D122BE71DB6C9410060F2EB /* DGActivityIndicatorBallScaleAnimation.h */ = {isa = PBXFileReference; fileEncoding = 4; lastKnownFileType = sourcecode.c.h; path = DGActivityIndicatorBallScaleAnimation.h; sourceTree = "<group>"; };
		4D122BE81DB6C9410060F2EB /* DGActivityIndicatorBallScaleAnimation.m */ = {isa = PBXFileReference; fileEncoding = 4; lastKnownFileType = sourcecode.c.objc; path = DGActivityIndicatorBallScaleAnimation.m; sourceTree = "<group>"; };
		4D122BE91DB6C9410060F2EB /* DGActivityIndicatorBallScaleMultipleAnimation.h */ = {isa = PBXFileReference; fileEncoding = 4; lastKnownFileType = sourcecode.c.h; path = DGActivityIndicatorBallScaleMultipleAnimation.h; sourceTree = "<group>"; };
		4D122BEA1DB6C9410060F2EB /* DGActivityIndicatorBallScaleMultipleAnimation.m */ = {isa = PBXFileReference; fileEncoding = 4; lastKnownFileType = sourcecode.c.objc; path = DGActivityIndicatorBallScaleMultipleAnimation.m; sourceTree = "<group>"; };
		4D122BEB1DB6C9410060F2EB /* DGActivityIndicatorBallScaleRippleAnimation.h */ = {isa = PBXFileReference; fileEncoding = 4; lastKnownFileType = sourcecode.c.h; path = DGActivityIndicatorBallScaleRippleAnimation.h; sourceTree = "<group>"; };
		4D122BEC1DB6C9410060F2EB /* DGActivityIndicatorBallScaleRippleAnimation.m */ = {isa = PBXFileReference; fileEncoding = 4; lastKnownFileType = sourcecode.c.objc; path = DGActivityIndicatorBallScaleRippleAnimation.m; sourceTree = "<group>"; };
		4D122BED1DB6C9410060F2EB /* DGActivityIndicatorBallScaleRippleMultipleAnimation.h */ = {isa = PBXFileReference; fileEncoding = 4; lastKnownFileType = sourcecode.c.h; path = DGActivityIndicatorBallScaleRippleMultipleAnimation.h; sourceTree = "<group>"; };
		4D122BEE1DB6C9410060F2EB /* DGActivityIndicatorBallScaleRippleMultipleAnimation.m */ = {isa = PBXFileReference; fileEncoding = 4; lastKnownFileType = sourcecode.c.objc; path = DGActivityIndicatorBallScaleRippleMultipleAnimation.m; sourceTree = "<group>"; };
		4D122BEF1DB6C9410060F2EB /* DGActivityIndicatorBallSpinFadeLoader.h */ = {isa = PBXFileReference; fileEncoding = 4; lastKnownFileType = sourcecode.c.h; path = DGActivityIndicatorBallSpinFadeLoader.h; sourceTree = "<group>"; };
		4D122BF01DB6C9410060F2EB /* DGActivityIndicatorBallSpinFadeLoader.m */ = {isa = PBXFileReference; fileEncoding = 4; lastKnownFileType = sourcecode.c.objc; path = DGActivityIndicatorBallSpinFadeLoader.m; sourceTree = "<group>"; };
		4D122BF11DB6C9410060F2EB /* DGActivityIndicatorBallTrianglePathAnimation.h */ = {isa = PBXFileReference; fileEncoding = 4; lastKnownFileType = sourcecode.c.h; path = DGActivityIndicatorBallTrianglePathAnimation.h; sourceTree = "<group>"; };
		4D122BF21DB6C9410060F2EB /* DGActivityIndicatorBallTrianglePathAnimation.m */ = {isa = PBXFileReference; fileEncoding = 4; lastKnownFileType = sourcecode.c.objc; path = DGActivityIndicatorBallTrianglePathAnimation.m; sourceTree = "<group>"; };
		4D122BF31DB6C9410060F2EB /* DGActivityIndicatorBallZigZagAnimation.h */ = {isa = PBXFileReference; fileEncoding = 4; lastKnownFileType = sourcecode.c.h; path = DGActivityIndicatorBallZigZagAnimation.h; sourceTree = "<group>"; };
		4D122BF41DB6C9410060F2EB /* DGActivityIndicatorBallZigZagAnimation.m */ = {isa = PBXFileReference; fileEncoding = 4; lastKnownFileType = sourcecode.c.objc; path = DGActivityIndicatorBallZigZagAnimation.m; sourceTree = "<group>"; };
		4D122BF51DB6C9410060F2EB /* DGActivityIndicatorBallZigZagDeflectAnimation.h */ = {isa = PBXFileReference; fileEncoding = 4; lastKnownFileType = sourcecode.c.h; path = DGActivityIndicatorBallZigZagDeflectAnimation.h; sourceTree = "<group>"; };
		4D122BF61DB6C9410060F2EB /* DGActivityIndicatorBallZigZagDeflectAnimation.m */ = {isa = PBXFileReference; fileEncoding = 4; lastKnownFileType = sourcecode.c.objc; path = DGActivityIndicatorBallZigZagDeflectAnimation.m; sourceTree = "<group>"; };
		4D122BF71DB6C9410060F2EB /* DGActivityIndicatorCookieTerminatorAnimation.h */ = {isa = PBXFileReference; fileEncoding = 4; lastKnownFileType = sourcecode.c.h; path = DGActivityIndicatorCookieTerminatorAnimation.h; sourceTree = "<group>"; };
		4D122BF81DB6C9410060F2EB /* DGActivityIndicatorCookieTerminatorAnimation.m */ = {isa = PBXFileReference; fileEncoding = 4; lastKnownFileType = sourcecode.c.objc; path = DGActivityIndicatorCookieTerminatorAnimation.m; sourceTree = "<group>"; };
		4D122BF91DB6C9410060F2EB /* DGActivityIndicatorDoubleBounceAnimation.h */ = {isa = PBXFileReference; fileEncoding = 4; lastKnownFileType = sourcecode.c.h; path = DGActivityIndicatorDoubleBounceAnimation.h; sourceTree = "<group>"; };
		4D122BFA1DB6C9410060F2EB /* DGActivityIndicatorDoubleBounceAnimation.m */ = {isa = PBXFileReference; fileEncoding = 4; lastKnownFileType = sourcecode.c.objc; path = DGActivityIndicatorDoubleBounceAnimation.m; sourceTree = "<group>"; };
		4D122BFB1DB6C9410060F2EB /* DGActivityIndicatorFiveDotsAnimation.h */ = {isa = PBXFileReference; fileEncoding = 4; lastKnownFileType = sourcecode.c.h; path = DGActivityIndicatorFiveDotsAnimation.h; sourceTree = "<group>"; };
		4D122BFC1DB6C9410060F2EB /* DGActivityIndicatorFiveDotsAnimation.m */ = {isa = PBXFileReference; fileEncoding = 4; lastKnownFileType = sourcecode.c.objc; path = DGActivityIndicatorFiveDotsAnimation.m; sourceTree = "<group>"; };
		4D122BFD1DB6C9410060F2EB /* DGActivityIndicatorLineScaleAnimation.h */ = {isa = PBXFileReference; fileEncoding = 4; lastKnownFileType = sourcecode.c.h; path = DGActivityIndicatorLineScaleAnimation.h; sourceTree = "<group>"; };
		4D122BFE1DB6C9410060F2EB /* DGActivityIndicatorLineScaleAnimation.m */ = {isa = PBXFileReference; fileEncoding = 4; lastKnownFileType = sourcecode.c.objc; path = DGActivityIndicatorLineScaleAnimation.m; sourceTree = "<group>"; };
		4D122BFF1DB6C9410060F2EB /* DGActivityIndicatorLineScalePartyAnimation.h */ = {isa = PBXFileReference; fileEncoding = 4; lastKnownFileType = sourcecode.c.h; path = DGActivityIndicatorLineScalePartyAnimation.h; sourceTree = "<group>"; };
		4D122C001DB6C9410060F2EB /* DGActivityIndicatorLineScalePartyAnimation.m */ = {isa = PBXFileReference; fileEncoding = 4; lastKnownFileType = sourcecode.c.objc; path = DGActivityIndicatorLineScalePartyAnimation.m; sourceTree = "<group>"; };
		4D122C011DB6C9410060F2EB /* DGActivityIndicatorLineScalePulseOutAnimation.h */ = {isa = PBXFileReference; fileEncoding = 4; lastKnownFileType = sourcecode.c.h; path = DGActivityIndicatorLineScalePulseOutAnimation.h; sourceTree = "<group>"; };
		4D122C021DB6C9410060F2EB /* DGActivityIndicatorLineScalePulseOutAnimation.m */ = {isa = PBXFileReference; fileEncoding = 4; lastKnownFileType = sourcecode.c.objc; path = DGActivityIndicatorLineScalePulseOutAnimation.m; sourceTree = "<group>"; };
		4D122C031DB6C9410060F2EB /* DGActivityIndicatorLineScalePulseOutRapidAnimation.h */ = {isa = PBXFileReference; fileEncoding = 4; lastKnownFileType = sourcecode.c.h; path = DGActivityIndicatorLineScalePulseOutRapidAnimation.h; sourceTree = "<group>"; };
		4D122C041DB6C9410060F2EB /* DGActivityIndicatorLineScalePulseOutRapidAnimation.m */ = {isa = PBXFileReference; fileEncoding = 4; lastKnownFileType = sourcecode.c.objc; path = DGActivityIndicatorLineScalePulseOutRapidAnimation.m; sourceTree = "<group>"; };
		4D122C051DB6C9410060F2EB /* DGActivityIndicatorNineDotsAnimation.h */ = {isa = PBXFileReference; fileEncoding = 4; lastKnownFileType = sourcecode.c.h; path = DGActivityIndicatorNineDotsAnimation.h; sourceTree = "<group>"; };
		4D122C061DB6C9410060F2EB /* DGActivityIndicatorNineDotsAnimation.m */ = {isa = PBXFileReference; fileEncoding = 4; lastKnownFileType = sourcecode.c.objc; path = DGActivityIndicatorNineDotsAnimation.m; sourceTree = "<group>"; };
		4D122C071DB6C9410060F2EB /* DGActivityIndicatorRotatingSandglassAnimation.h */ = {isa = PBXFileReference; fileEncoding = 4; lastKnownFileType = sourcecode.c.h; path = DGActivityIndicatorRotatingSandglassAnimation.h; sourceTree = "<group>"; };
		4D122C081DB6C9410060F2EB /* DGActivityIndicatorRotatingSandglassAnimation.m */ = {isa = PBXFileReference; fileEncoding = 4; lastKnownFileType = sourcecode.c.objc; path = DGActivityIndicatorRotatingSandglassAnimation.m; sourceTree = "<group>"; };
		4D122C091DB6C9410060F2EB /* DGActivityIndicatorRotatingSquaresAnimation.h */ = {isa = PBXFileReference; fileEncoding = 4; lastKnownFileType = sourcecode.c.h; path = DGActivityIndicatorRotatingSquaresAnimation.h; sourceTree = "<group>"; };
		4D122C0A1DB6C9410060F2EB /* DGActivityIndicatorRotatingSquaresAnimation.m */ = {isa = PBXFileReference; fileEncoding = 4; lastKnownFileType = sourcecode.c.objc; path = DGActivityIndicatorRotatingSquaresAnimation.m; sourceTree = "<group>"; };
		4D122C0B1DB6C9410060F2EB /* DGActivityIndicatorRotatingTrigonAnimation.h */ = {isa = PBXFileReference; fileEncoding = 4; lastKnownFileType = sourcecode.c.h; path = DGActivityIndicatorRotatingTrigonAnimation.h; sourceTree = "<group>"; };
		4D122C0C1DB6C9410060F2EB /* DGActivityIndicatorRotatingTrigonAnimation.m */ = {isa = PBXFileReference; fileEncoding = 4; lastKnownFileType = sourcecode.c.objc; path = DGActivityIndicatorRotatingTrigonAnimation.m; sourceTree = "<group>"; };
		4D122C0D1DB6C9410060F2EB /* DGActivityIndicatorThreeDotsAnimation.h */ = {isa = PBXFileReference; fileEncoding = 4; lastKnownFileType = sourcecode.c.h; path = DGActivityIndicatorThreeDotsAnimation.h; sourceTree = "<group>"; };
		4D122C0E1DB6C9410060F2EB /* DGActivityIndicatorThreeDotsAnimation.m */ = {isa = PBXFileReference; fileEncoding = 4; lastKnownFileType = sourcecode.c.objc; path = DGActivityIndicatorThreeDotsAnimation.m; sourceTree = "<group>"; };
		4D122C0F1DB6C9410060F2EB /* DGActivityIndicatorTriangleSkewSpinAnimation.h */ = {isa = PBXFileReference; fileEncoding = 4; lastKnownFileType = sourcecode.c.h; path = DGActivityIndicatorTriangleSkewSpinAnimation.h; sourceTree = "<group>"; };
		4D122C101DB6C9410060F2EB /* DGActivityIndicatorTriangleSkewSpinAnimation.m */ = {isa = PBXFileReference; fileEncoding = 4; lastKnownFileType = sourcecode.c.objc; path = DGActivityIndicatorTriangleSkewSpinAnimation.m; sourceTree = "<group>"; };
		4D122C111DB6C9410060F2EB /* DGActivityIndicatorTriplePulseAnimation.h */ = {isa = PBXFileReference; fileEncoding = 4; lastKnownFileType = sourcecode.c.h; path = DGActivityIndicatorTriplePulseAnimation.h; sourceTree = "<group>"; };
		4D122C121DB6C9410060F2EB /* DGActivityIndicatorTriplePulseAnimation.m */ = {isa = PBXFileReference; fileEncoding = 4; lastKnownFileType = sourcecode.c.objc; path = DGActivityIndicatorTriplePulseAnimation.m; sourceTree = "<group>"; };
		4D122C131DB6C9410060F2EB /* DGActivityIndicatorTripleRingsAnimation.h */ = {isa = PBXFileReference; fileEncoding = 4; lastKnownFileType = sourcecode.c.h; path = DGActivityIndicatorTripleRingsAnimation.h; sourceTree = "<group>"; };
		4D122C141DB6C9410060F2EB /* DGActivityIndicatorTripleRingsAnimation.m */ = {isa = PBXFileReference; fileEncoding = 4; lastKnownFileType = sourcecode.c.objc; path = DGActivityIndicatorTripleRingsAnimation.m; sourceTree = "<group>"; };
		4D122C151DB6C9410060F2EB /* DGActivityIndicatorTwoDotsAnimation.h */ = {isa = PBXFileReference; fileEncoding = 4; lastKnownFileType = sourcecode.c.h; path = DGActivityIndicatorTwoDotsAnimation.h; sourceTree = "<group>"; };
		4D122C161DB6C9410060F2EB /* DGActivityIndicatorTwoDotsAnimation.m */ = {isa = PBXFileReference; fileEncoding = 4; lastKnownFileType = sourcecode.c.objc; path = DGActivityIndicatorTwoDotsAnimation.m; sourceTree = "<group>"; };
		4D122C171DB6C9410060F2EB /* DGActivityIndicatorAnimationProtocol.h */ = {isa = PBXFileReference; fileEncoding = 4; lastKnownFileType = sourcecode.c.h; path = DGActivityIndicatorAnimationProtocol.h; sourceTree = "<group>"; };
		4D122C181DB6C9410060F2EB /* DGActivityIndicatorView.h */ = {isa = PBXFileReference; fileEncoding = 4; lastKnownFileType = sourcecode.c.h; path = DGActivityIndicatorView.h; sourceTree = "<group>"; };
		4D122C191DB6C9410060F2EB /* DGActivityIndicatorView.m */ = {isa = PBXFileReference; fileEncoding = 4; lastKnownFileType = sourcecode.c.objc; path = DGActivityIndicatorView.m; sourceTree = "<group>"; };
		4D122C3D1DB6C96B0060F2EB /* CCMBorderView.h */ = {isa = PBXFileReference; fileEncoding = 4; lastKnownFileType = sourcecode.c.h; path = CCMBorderView.h; sourceTree = "<group>"; };
		4D122C3E1DB6C96B0060F2EB /* CCMBorderView.m */ = {isa = PBXFileReference; fileEncoding = 4; lastKnownFileType = sourcecode.c.objc; path = CCMBorderView.m; sourceTree = "<group>"; };
		4D122C5D1DB6CE7D0060F2EB /* ProjectManager.h */ = {isa = PBXFileReference; lastKnownFileType = sourcecode.c.h; path = ProjectManager.h; sourceTree = "<group>"; };
		4D122C601DB6D80D0060F2EB /* STSignUpViewController.h */ = {isa = PBXFileReference; fileEncoding = 4; lastKnownFileType = sourcecode.c.h; path = STSignUpViewController.h; sourceTree = "<group>"; };
		4D122C611DB6D80D0060F2EB /* STSignUpViewController.m */ = {isa = PBXFileReference; fileEncoding = 4; lastKnownFileType = sourcecode.c.objc; path = STSignUpViewController.m; sourceTree = "<group>"; };
		4D4A864D1DBA8E7E00C0431E /* STForgotPasswordViewController.h */ = {isa = PBXFileReference; fileEncoding = 4; lastKnownFileType = sourcecode.c.h; path = STForgotPasswordViewController.h; sourceTree = "<group>"; };
		4D4A864E1DBA8E7E00C0431E /* STForgotPasswordViewController.m */ = {isa = PBXFileReference; fileEncoding = 4; lastKnownFileType = sourcecode.c.objc; path = STForgotPasswordViewController.m; sourceTree = "<group>"; };
		4D4A86511DBA93EF00C0431E /* sample1.png */ = {isa = PBXFileReference; lastKnownFileType = image.png; path = sample1.png; sourceTree = "<group>"; };
		4D54995D1DBC935A003CA5AA /* STEditProfileViewController.h */ = {isa = PBXFileReference; fileEncoding = 4; lastKnownFileType = sourcecode.c.h; path = STEditProfileViewController.h; sourceTree = "<group>"; };
		4D54995E1DBC935A003CA5AA /* STEditProfileViewController.m */ = {isa = PBXFileReference; fileEncoding = 4; lastKnownFileType = sourcecode.c.objc; path = STEditProfileViewController.m; sourceTree = "<group>"; };
		4D8E60301DB7FC2A00DB3A39 /* SWRevealViewController.h */ = {isa = PBXFileReference; fileEncoding = 4; lastKnownFileType = sourcecode.c.h; path = SWRevealViewController.h; sourceTree = "<group>"; };
		4D8E60311DB7FC2A00DB3A39 /* SWRevealViewController.m */ = {isa = PBXFileReference; fileEncoding = 4; lastKnownFileType = sourcecode.c.objc; path = SWRevealViewController.m; sourceTree = "<group>"; };
		4D8E603A1DB8009800DB3A39 /* MenuTableViewController.h */ = {isa = PBXFileReference; fileEncoding = 4; lastKnownFileType = sourcecode.c.h; path = MenuTableViewController.h; sourceTree = "<group>"; };
		4D8E603B1DB8009800DB3A39 /* MenuTableViewController.m */ = {isa = PBXFileReference; fileEncoding = 4; lastKnownFileType = sourcecode.c.objc; path = MenuTableViewController.m; sourceTree = "<group>"; };
		4D8E603C1DB8009800DB3A39 /* ViewController1.h */ = {isa = PBXFileReference; fileEncoding = 4; lastKnownFileType = sourcecode.c.h; path = ViewController1.h; sourceTree = "<group>"; };
		4D8E603D1DB8009800DB3A39 /* ViewController1.m */ = {isa = PBXFileReference; fileEncoding = 4; lastKnownFileType = sourcecode.c.objc; path = ViewController1.m; sourceTree = "<group>"; };
		4D8E603E1DB8009800DB3A39 /* ViewController2.h */ = {isa = PBXFileReference; fileEncoding = 4; lastKnownFileType = sourcecode.c.h; path = ViewController2.h; sourceTree = "<group>"; };
		4D8E603F1DB8009800DB3A39 /* ViewController2.m */ = {isa = PBXFileReference; fileEncoding = 4; lastKnownFileType = sourcecode.c.objc; path = ViewController2.m; sourceTree = "<group>"; };
		4D8E60431DB800C800DB3A39 /* MainStuff.storyboard */ = {isa = PBXFileReference; fileEncoding = 4; lastKnownFileType = file.storyboard; path = MainStuff.storyboard; sourceTree = "<group>"; };
		4D99C4711DBBAB76009840BF /* sample2.png */ = {isa = PBXFileReference; lastKnownFileType = image.png; path = sample2.png; sourceTree = "<group>"; };
		4D99C4731DBBABE7009840BF /* sample3.png */ = {isa = PBXFileReference; lastKnownFileType = image.png; path = sample3.png; sourceTree = "<group>"; };
		4D99C4751DBBC26A009840BF /* edit.png */ = {isa = PBXFileReference; lastKnownFileType = image.png; path = edit.png; sourceTree = "<group>"; };
		4DBB9CFD1DB3601800C9D9AA /* STLoginViewController.h */ = {isa = PBXFileReference; fileEncoding = 4; lastKnownFileType = sourcecode.c.h; path = STLoginViewController.h; sourceTree = "<group>"; };
		4DBB9CFE1DB3601800C9D9AA /* STLoginViewController.m */ = {isa = PBXFileReference; fileEncoding = 4; lastKnownFileType = sourcecode.c.objc; path = STLoginViewController.m; sourceTree = "<group>"; };
		4DBB9D011DB3660600C9D9AA /* MapKit.framework */ = {isa = PBXFileReference; lastKnownFileType = wrapper.framework; name = MapKit.framework; path = System/Library/Frameworks/MapKit.framework; sourceTree = SDKROOT; };
		4DCF2FD01DB7E61B00723E16 /* GoogleService-Info.plist */ = {isa = PBXFileReference; fileEncoding = 4; lastKnownFileType = text.plist.xml; path = "GoogleService-Info.plist"; sourceTree = "<group>"; };
		ECBF1BFC8C3032DCEBAEC2CF /* Pods-ShowTray.debug.xcconfig */ = {isa = PBXFileReference; includeInIndex = 1; lastKnownFileType = text.xcconfig; name = "Pods-ShowTray.debug.xcconfig"; path = "Pods/Target Support Files/Pods-ShowTray/Pods-ShowTray.debug.xcconfig"; sourceTree = "<group>"; };
/* End PBXFileReference section */

/* Begin PBXFrameworksBuildPhase section */
		4D08824A1DB2C38F0005E6C2 /* Frameworks */ = {
			isa = PBXFrameworksBuildPhase;
			buildActionMask = 2147483647;
			files = (
				4DBB9D021DB3660600C9D9AA /* MapKit.framework in Frameworks */,
				2766C9EEE3ADCB853D10678F /* libPods-ShowTray.a in Frameworks */,
			);
			runOnlyForDeploymentPostprocessing = 0;
		};
		4D0882661DB2C3900005E6C2 /* Frameworks */ = {
			isa = PBXFrameworksBuildPhase;
			buildActionMask = 2147483647;
			files = (
			);
			runOnlyForDeploymentPostprocessing = 0;
		};
		4D0882711DB2C3900005E6C2 /* Frameworks */ = {
			isa = PBXFrameworksBuildPhase;
			buildActionMask = 2147483647;
			files = (
			);
			runOnlyForDeploymentPostprocessing = 0;
		};
/* End PBXFrameworksBuildPhase section */

/* Begin PBXGroup section */
		457D818A77E0535FA2D44D0F /* Pods */ = {
			isa = PBXGroup;
			children = (
				ECBF1BFC8C3032DCEBAEC2CF /* Pods-ShowTray.debug.xcconfig */,
				08A0F3A2565890A557881EB0 /* Pods-ShowTray.release.xcconfig */,
			);
			name = Pods;
			sourceTree = "<group>";
		};
		4D0882441DB2C38F0005E6C2 = {
			isa = PBXGroup;
			children = (
				4D08824F1DB2C3900005E6C2 /* ShowTray */,
				4D08826C1DB2C3900005E6C2 /* ShowTrayTests */,
				4D0882771DB2C3900005E6C2 /* ShowTrayUITests */,
				4D08824E1DB2C3900005E6C2 /* Products */,
				4DBB9D001DB3660600C9D9AA /* Frameworks */,
				457D818A77E0535FA2D44D0F /* Pods */,
			);
			sourceTree = "<group>";
		};
		4D08824E1DB2C3900005E6C2 /* Products */ = {
			isa = PBXGroup;
			children = (
				4D08824D1DB2C3900005E6C2 /* ShowTray.app */,
				4D0882691DB2C3900005E6C2 /* ShowTrayTests.xctest */,
				4D0882741DB2C3900005E6C2 /* ShowTrayUITests.xctest */,
			);
			name = Products;
			sourceTree = "<group>";
		};
		4D08824F1DB2C3900005E6C2 /* ShowTray */ = {
			isa = PBXGroup;
			children = (
				4D0980151DBB5E60008A0137 /* ModelClass */,
				4D122C5C1DB6CE530060F2EB /* Resource */,
				4D122C5B1DB6CE3E0060F2EB /* AppDelegate */,
				4DBB9CFC1DB35FF500C9D9AA /* Controllers */,
				4D122B951DB6C5160060F2EB /* ThirdPartyClasses */,
				4D122B8E1DB6C4CE0060F2EB /* SingleInstanceController */,
				4D0882591DB2C3900005E6C2 /* Main.storyboard */,
				4D8E60431DB800C800DB3A39 /* MainStuff.storyboard */,
				4DCF2FD01DB7E61B00723E16 /* GoogleService-Info.plist */,
				4D08825F1DB2C3900005E6C2 /* Assets.xcassets */,
				4D0882611DB2C3900005E6C2 /* LaunchScreen.storyboard */,
				4D0882641DB2C3900005E6C2 /* Info.plist */,
				4D08825C1DB2C3900005E6C2 /* ShowTray.xcdatamodeld */,
				4D0882501DB2C3900005E6C2 /* Supporting Files */,
			);
			path = ShowTray;
			sourceTree = "<group>";
		};
		4D0882501DB2C3900005E6C2 /* Supporting Files */ = {
			isa = PBXGroup;
			children = (
				4D0882511DB2C3900005E6C2 /* main.m */,
			);
			name = "Supporting Files";
			sourceTree = "<group>";
		};
		4D08826C1DB2C3900005E6C2 /* ShowTrayTests */ = {
			isa = PBXGroup;
			children = (
				4D08826D1DB2C3900005E6C2 /* ShowTrayTests.m */,
				4D08826F1DB2C3900005E6C2 /* Info.plist */,
			);
			path = ShowTrayTests;
			sourceTree = "<group>";
		};
		4D0882771DB2C3900005E6C2 /* ShowTrayUITests */ = {
			isa = PBXGroup;
			children = (
				4D0882781DB2C3900005E6C2 /* ShowTrayUITests.m */,
				4D08827A1DB2C3900005E6C2 /* Info.plist */,
			);
			path = ShowTrayUITests;
			sourceTree = "<group>";
		};
		4D0980151DBB5E60008A0137 /* ModelClass */ = {
			isa = PBXGroup;
			children = (
				4D0980161DBB5E88008A0137 /* STTableViewCell.h */,
				4D0980171DBB5E88008A0137 /* STTableViewCell.m */,
			);
			name = ModelClass;
			sourceTree = "<group>";
		};
		4D0980191DBB64F9008A0137 /* Account */ = {
			isa = PBXGroup;
			children = (
				4D5499611DBC937C003CA5AA /* MyAccount */,
				4D5499601DBC9360003CA5AA /* EditProfile */,
			);
			name = Account;
			sourceTree = "<group>";
		};
		4D122B8E1DB6C4CE0060F2EB /* SingleInstanceController */ = {
			isa = PBXGroup;
			children = (
				4D122B8F1DB6C4FB0060F2EB /* singletonClass.h */,
				4D122B901DB6C4FB0060F2EB /* singletonClass.m */,
				4D122B911DB6C4FB0060F2EB /* OraReachability.h */,
				4D122B921DB6C4FB0060F2EB /* OraReachability.m */,
			);
			name = SingleInstanceController;
			sourceTree = "<group>";
		};
		4D122B951DB6C5160060F2EB /* ThirdPartyClasses */ = {
			isa = PBXGroup;
			children = (
				4D122C3C1DB6C96B0060F2EB /* CCMPopupBorderView */,
				4D122BD31DB6C9410060F2EB /* DGActivityIndicatorView */,
				4D122BA31DB6C6B20060F2EB /* IQKeyBoardManager */,
				4D122B9E1DB6C5D20060F2EB /* SWRevealClass */,
				4D122B971DB6C5590060F2EB /* MBProgressHud */,
				4D122B961DB6C54D0060F2EB /* Reachability */,
			);
			name = ThirdPartyClasses;
			sourceTree = "<group>";
		};
		4D122B961DB6C54D0060F2EB /* Reachability */ = {
			isa = PBXGroup;
			children = (
				4D122B9B1DB6C57D0060F2EB /* Reachability.h */,
				4D122B9C1DB6C57D0060F2EB /* Reachability.m */,
			);
			name = Reachability;
			sourceTree = "<group>";
		};
		4D122B971DB6C5590060F2EB /* MBProgressHud */ = {
			isa = PBXGroup;
			children = (
				4D122B981DB6C5730060F2EB /* MBProgressHUD.h */,
				4D122B991DB6C5730060F2EB /* MBProgressHUD.m */,
			);
			name = MBProgressHud;
			sourceTree = "<group>";
		};
		4D122B9E1DB6C5D20060F2EB /* SWRevealClass */ = {
			isa = PBXGroup;
			children = (
				4D8E60301DB7FC2A00DB3A39 /* SWRevealViewController.h */,
				4D8E60311DB7FC2A00DB3A39 /* SWRevealViewController.m */,
			);
			name = SWRevealClass;
			sourceTree = "<group>";
		};
		4D122BA31DB6C6B20060F2EB /* IQKeyBoardManager */ = {
			isa = PBXGroup;
			children = (
				4D122BA41DB6C6B20060F2EB /* Categories */,
				4D122BAF1DB6C6B20060F2EB /* Constants */,
				4D122BB21DB6C6B20060F2EB /* IQKeyboardManager.h */,
				4D122BB31DB6C6B20060F2EB /* IQKeyboardManager.m */,
				4D122BB41DB6C6B20060F2EB /* IQKeyboardReturnKeyHandler.h */,
				4D122BB51DB6C6B20060F2EB /* IQKeyboardReturnKeyHandler.m */,
				4D122BB61DB6C6B20060F2EB /* IQTextView */,
				4D122BB91DB6C6B20060F2EB /* IQToolbar */,
				4D122BC21DB6C6B20060F2EB /* KeyboardManager.h */,
				4D122BC31DB6C6B20060F2EB /* Resources */,
			);
			path = IQKeyBoardManager;
			sourceTree = "<group>";
		};
		4D122BA41DB6C6B20060F2EB /* Categories */ = {
			isa = PBXGroup;
			children = (
				4D122BA51DB6C6B20060F2EB /* IQNSArray+Sort.h */,
				4D122BA61DB6C6B20060F2EB /* IQNSArray+Sort.m */,
				4D122BA71DB6C6B20060F2EB /* IQUITextFieldView+Additions.h */,
				4D122BA81DB6C6B20060F2EB /* IQUITextFieldView+Additions.m */,
				4D122BA91DB6C6B20060F2EB /* IQUIView+Hierarchy.h */,
				4D122BAA1DB6C6B20060F2EB /* IQUIView+Hierarchy.m */,
				4D122BAB1DB6C6B20060F2EB /* IQUIViewController+Additions.h */,
				4D122BAC1DB6C6B20060F2EB /* IQUIViewController+Additions.m */,
				4D122BAD1DB6C6B20060F2EB /* IQUIWindow+Hierarchy.h */,
				4D122BAE1DB6C6B20060F2EB /* IQUIWindow+Hierarchy.m */,
			);
			path = Categories;
			sourceTree = "<group>";
		};
		4D122BAF1DB6C6B20060F2EB /* Constants */ = {
			isa = PBXGroup;
			children = (
				4D122BB01DB6C6B20060F2EB /* IQKeyboardManagerConstants.h */,
				4D122BB11DB6C6B20060F2EB /* IQKeyboardManagerConstantsInternal.h */,
			);
			path = Constants;
			sourceTree = "<group>";
		};
		4D122BB61DB6C6B20060F2EB /* IQTextView */ = {
			isa = PBXGroup;
			children = (
				4D122BB71DB6C6B20060F2EB /* IQTextView.h */,
				4D122BB81DB6C6B20060F2EB /* IQTextView.m */,
			);
			path = IQTextView;
			sourceTree = "<group>";
		};
		4D122BB91DB6C6B20060F2EB /* IQToolbar */ = {
			isa = PBXGroup;
			children = (
				4D122BBA1DB6C6B20060F2EB /* IQBarButtonItem.h */,
				4D122BBB1DB6C6B20060F2EB /* IQBarButtonItem.m */,
				4D122BBC1DB6C6B20060F2EB /* IQTitleBarButtonItem.h */,
				4D122BBD1DB6C6B20060F2EB /* IQTitleBarButtonItem.m */,
				4D122BBE1DB6C6B20060F2EB /* IQToolbar.h */,
				4D122BBF1DB6C6B20060F2EB /* IQToolbar.m */,
				4D122BC01DB6C6B20060F2EB /* IQUIView+IQKeyboardToolbar.h */,
				4D122BC11DB6C6B20060F2EB /* IQUIView+IQKeyboardToolbar.m */,
			);
			path = IQToolbar;
			sourceTree = "<group>";
		};
		4D122BC31DB6C6B20060F2EB /* Resources */ = {
			isa = PBXGroup;
			children = (
				4D122BC41DB6C6B20060F2EB /* IQKeyboardManager.bundle */,
			);
			path = Resources;
			sourceTree = "<group>";
		};
		4D122BD31DB6C9410060F2EB /* DGActivityIndicatorView */ = {
			isa = PBXGroup;
			children = (
				4D122BD41DB6C9410060F2EB /* Animations */,
				4D122C171DB6C9410060F2EB /* DGActivityIndicatorAnimationProtocol.h */,
				4D122C181DB6C9410060F2EB /* DGActivityIndicatorView.h */,
				4D122C191DB6C9410060F2EB /* DGActivityIndicatorView.m */,
			);
			path = DGActivityIndicatorView;
			sourceTree = "<group>";
		};
		4D122BD41DB6C9410060F2EB /* Animations */ = {
			isa = PBXGroup;
			children = (
				4D122BD51DB6C9410060F2EB /* DGActivityIndicatorBallBeatAnimation.h */,
				4D122BD61DB6C9410060F2EB /* DGActivityIndicatorBallBeatAnimation.m */,
				4D122BD71DB6C9410060F2EB /* DGActivityIndicatorBallClipRotateAnimation.h */,
				4D122BD81DB6C9410060F2EB /* DGActivityIndicatorBallClipRotateAnimation.m */,
				4D122BD91DB6C9410060F2EB /* DGActivityIndicatorBallClipRotateMultipleAnimation.h */,
				4D122BDA1DB6C9410060F2EB /* DGActivityIndicatorBallClipRotateMultipleAnimation.m */,
				4D122BDB1DB6C9410060F2EB /* DGActivityIndicatorBallClipRotatePulseAnimation.h */,
				4D122BDC1DB6C9410060F2EB /* DGActivityIndicatorBallClipRotatePulseAnimation.m */,
				4D122BDD1DB6C9410060F2EB /* DGActivityIndicatorBallGridBeatAnimation.h */,
				4D122BDE1DB6C9410060F2EB /* DGActivityIndicatorBallGridBeatAnimation.m */,
				4D122BDF1DB6C9410060F2EB /* DGActivityIndicatorBallGridPulseAnimation.h */,
				4D122BE01DB6C9410060F2EB /* DGActivityIndicatorBallGridPulseAnimation.m */,
				4D122BE11DB6C9410060F2EB /* DGActivityIndicatorBallPulseAnimation.h */,
				4D122BE21DB6C9410060F2EB /* DGActivityIndicatorBallPulseAnimation.m */,
				4D122BE31DB6C9410060F2EB /* DGActivityIndicatorBallPulseSyncAnimation.h */,
				4D122BE41DB6C9410060F2EB /* DGActivityIndicatorBallPulseSyncAnimation.m */,
				4D122BE51DB6C9410060F2EB /* DGActivityIndicatorBallRotateAnimation.h */,
				4D122BE61DB6C9410060F2EB /* DGActivityIndicatorBallRotateAnimation.m */,
				4D122BE71DB6C9410060F2EB /* DGActivityIndicatorBallScaleAnimation.h */,
				4D122BE81DB6C9410060F2EB /* DGActivityIndicatorBallScaleAnimation.m */,
				4D122BE91DB6C9410060F2EB /* DGActivityIndicatorBallScaleMultipleAnimation.h */,
				4D122BEA1DB6C9410060F2EB /* DGActivityIndicatorBallScaleMultipleAnimation.m */,
				4D122BEB1DB6C9410060F2EB /* DGActivityIndicatorBallScaleRippleAnimation.h */,
				4D122BEC1DB6C9410060F2EB /* DGActivityIndicatorBallScaleRippleAnimation.m */,
				4D122BED1DB6C9410060F2EB /* DGActivityIndicatorBallScaleRippleMultipleAnimation.h */,
				4D122BEE1DB6C9410060F2EB /* DGActivityIndicatorBallScaleRippleMultipleAnimation.m */,
				4D122BEF1DB6C9410060F2EB /* DGActivityIndicatorBallSpinFadeLoader.h */,
				4D122BF01DB6C9410060F2EB /* DGActivityIndicatorBallSpinFadeLoader.m */,
				4D122BF11DB6C9410060F2EB /* DGActivityIndicatorBallTrianglePathAnimation.h */,
				4D122BF21DB6C9410060F2EB /* DGActivityIndicatorBallTrianglePathAnimation.m */,
				4D122BF31DB6C9410060F2EB /* DGActivityIndicatorBallZigZagAnimation.h */,
				4D122BF41DB6C9410060F2EB /* DGActivityIndicatorBallZigZagAnimation.m */,
				4D122BF51DB6C9410060F2EB /* DGActivityIndicatorBallZigZagDeflectAnimation.h */,
				4D122BF61DB6C9410060F2EB /* DGActivityIndicatorBallZigZagDeflectAnimation.m */,
				4D122BF71DB6C9410060F2EB /* DGActivityIndicatorCookieTerminatorAnimation.h */,
				4D122BF81DB6C9410060F2EB /* DGActivityIndicatorCookieTerminatorAnimation.m */,
				4D122BF91DB6C9410060F2EB /* DGActivityIndicatorDoubleBounceAnimation.h */,
				4D122BFA1DB6C9410060F2EB /* DGActivityIndicatorDoubleBounceAnimation.m */,
				4D122BFB1DB6C9410060F2EB /* DGActivityIndicatorFiveDotsAnimation.h */,
				4D122BFC1DB6C9410060F2EB /* DGActivityIndicatorFiveDotsAnimation.m */,
				4D122BFD1DB6C9410060F2EB /* DGActivityIndicatorLineScaleAnimation.h */,
				4D122BFE1DB6C9410060F2EB /* DGActivityIndicatorLineScaleAnimation.m */,
				4D122BFF1DB6C9410060F2EB /* DGActivityIndicatorLineScalePartyAnimation.h */,
				4D122C001DB6C9410060F2EB /* DGActivityIndicatorLineScalePartyAnimation.m */,
				4D122C011DB6C9410060F2EB /* DGActivityIndicatorLineScalePulseOutAnimation.h */,
				4D122C021DB6C9410060F2EB /* DGActivityIndicatorLineScalePulseOutAnimation.m */,
				4D122C031DB6C9410060F2EB /* DGActivityIndicatorLineScalePulseOutRapidAnimation.h */,
				4D122C041DB6C9410060F2EB /* DGActivityIndicatorLineScalePulseOutRapidAnimation.m */,
				4D122C051DB6C9410060F2EB /* DGActivityIndicatorNineDotsAnimation.h */,
				4D122C061DB6C9410060F2EB /* DGActivityIndicatorNineDotsAnimation.m */,
				4D122C071DB6C9410060F2EB /* DGActivityIndicatorRotatingSandglassAnimation.h */,
				4D122C081DB6C9410060F2EB /* DGActivityIndicatorRotatingSandglassAnimation.m */,
				4D122C091DB6C9410060F2EB /* DGActivityIndicatorRotatingSquaresAnimation.h */,
				4D122C0A1DB6C9410060F2EB /* DGActivityIndicatorRotatingSquaresAnimation.m */,
				4D122C0B1DB6C9410060F2EB /* DGActivityIndicatorRotatingTrigonAnimation.h */,
				4D122C0C1DB6C9410060F2EB /* DGActivityIndicatorRotatingTrigonAnimation.m */,
				4D122C0D1DB6C9410060F2EB /* DGActivityIndicatorThreeDotsAnimation.h */,
				4D122C0E1DB6C9410060F2EB /* DGActivityIndicatorThreeDotsAnimation.m */,
				4D122C0F1DB6C9410060F2EB /* DGActivityIndicatorTriangleSkewSpinAnimation.h */,
				4D122C101DB6C9410060F2EB /* DGActivityIndicatorTriangleSkewSpinAnimation.m */,
				4D122C111DB6C9410060F2EB /* DGActivityIndicatorTriplePulseAnimation.h */,
				4D122C121DB6C9410060F2EB /* DGActivityIndicatorTriplePulseAnimation.m */,
				4D122C131DB6C9410060F2EB /* DGActivityIndicatorTripleRingsAnimation.h */,
				4D122C141DB6C9410060F2EB /* DGActivityIndicatorTripleRingsAnimation.m */,
				4D122C151DB6C9410060F2EB /* DGActivityIndicatorTwoDotsAnimation.h */,
				4D122C161DB6C9410060F2EB /* DGActivityIndicatorTwoDotsAnimation.m */,
			);
			path = Animations;
			sourceTree = "<group>";
		};
		4D122C3C1DB6C96B0060F2EB /* CCMPopupBorderView */ = {
			isa = PBXGroup;
			children = (
				4D122C3D1DB6C96B0060F2EB /* CCMBorderView.h */,
				4D122C3E1DB6C96B0060F2EB /* CCMBorderView.m */,
			);
			name = CCMPopupBorderView;
			path = CCMPopup;
			sourceTree = "<group>";
		};
		4D122C5B1DB6CE3E0060F2EB /* AppDelegate */ = {
			isa = PBXGroup;
			children = (
				4D0882531DB2C3900005E6C2 /* AppDelegate.h */,
				4D0882541DB2C3900005E6C2 /* AppDelegate.m */,
			);
			name = AppDelegate;
			sourceTree = "<group>";
		};
		4D122C5C1DB6CE530060F2EB /* Resource */ = {
			isa = PBXGroup;
			children = (
				4D4A86501DBA93E200C0431E /* dummy */,
				4D122BD21DB6C8090060F2EB /* PrefixHeader.pch */,
				4D122C5D1DB6CE7D0060F2EB /* ProjectManager.h */,
			);
			name = Resource;
			sourceTree = "<group>";
		};
		4D122C5E1DB6D7DB0060F2EB /* Login */ = {
			isa = PBXGroup;
			children = (
				4DBB9CFD1DB3601800C9D9AA /* STLoginViewController.h */,
				4DBB9CFE1DB3601800C9D9AA /* STLoginViewController.m */,
			);
			name = Login;
			sourceTree = "<group>";
		};
		4D122C5F1DB6D7EA0060F2EB /* SignUp */ = {
			isa = PBXGroup;
			children = (
				4D122C601DB6D80D0060F2EB /* STSignUpViewController.h */,
				4D122C611DB6D80D0060F2EB /* STSignUpViewController.m */,
			);
			name = SignUp;
			sourceTree = "<group>";
		};
		4D4A864C1DBA8E6100C0431E /* ForgotPassword */ = {
			isa = PBXGroup;
			children = (
				4D4A864D1DBA8E7E00C0431E /* STForgotPasswordViewController.h */,
				4D4A864E1DBA8E7E00C0431E /* STForgotPasswordViewController.m */,
			);
			name = ForgotPassword;
			sourceTree = "<group>";
		};
		4D4A86501DBA93E200C0431E /* dummy */ = {
			isa = PBXGroup;
			children = (
				4D99C4751DBBC26A009840BF /* edit.png */,
				4D99C4731DBBABE7009840BF /* sample3.png */,
				4D99C4711DBBAB76009840BF /* sample2.png */,
				4D4A86511DBA93EF00C0431E /* sample1.png */,
			);
			name = dummy;
			sourceTree = "<group>";
		};
		4D5499601DBC9360003CA5AA /* EditProfile */ = {
			isa = PBXGroup;
			children = (
				4D54995D1DBC935A003CA5AA /* STEditProfileViewController.h */,
				4D54995E1DBC935A003CA5AA /* STEditProfileViewController.m */,
			);
			name = EditProfile;
			sourceTree = "<group>";
		};
		4D5499611DBC937C003CA5AA /* MyAccount */ = {
			isa = PBXGroup;
			children = (
				4D09801A1DBB654C008A0137 /* STMyAccountViewController.h */,
				4D09801B1DBB654C008A0137 /* STMyAccountViewController.m */,
			);
			name = MyAccount;
			sourceTree = "<group>";
		};
		4D8E60391DB8008A00DB3A39 /* SWTemp */ = {
			isa = PBXGroup;
			children = (
				4D8E603A1DB8009800DB3A39 /* MenuTableViewController.h */,
				4D8E603B1DB8009800DB3A39 /* MenuTableViewController.m */,
				4D8E603C1DB8009800DB3A39 /* ViewController1.h */,
				4D8E603D1DB8009800DB3A39 /* ViewController1.m */,
				4D8E603E1DB8009800DB3A39 /* ViewController2.h */,
				4D8E603F1DB8009800DB3A39 /* ViewController2.m */,
			);
			name = SWTemp;
			sourceTree = "<group>";
		};
		4DBB9CFC1DB35FF500C9D9AA /* Controllers */ = {
			isa = PBXGroup;
			children = (
				4D0980191DBB64F9008A0137 /* Account */,
				4D4A864C1DBA8E6100C0431E /* ForgotPassword */,
				4D8E60391DB8008A00DB3A39 /* SWTemp */,
				4D122C5F1DB6D7EA0060F2EB /* SignUp */,
				4D122C5E1DB6D7DB0060F2EB /* Login */,
			);
			name = Controllers;
			sourceTree = "<group>";
		};
		4DBB9D001DB3660600C9D9AA /* Frameworks */ = {
			isa = PBXGroup;
			children = (
				4DBB9D011DB3660600C9D9AA /* MapKit.framework */,
				19CBA93B0BC687A498D3E24F /* libPods-ShowTray.a */,
			);
			name = Frameworks;
			sourceTree = "<group>";
		};
/* End PBXGroup section */

/* Begin PBXNativeTarget section */
		4D08824C1DB2C38F0005E6C2 /* ShowTray */ = {
			isa = PBXNativeTarget;
			buildConfigurationList = 4D08827D1DB2C3900005E6C2 /* Build configuration list for PBXNativeTarget "ShowTray" */;
			buildPhases = (
				C8F4C6EC42E1403DF9607545 /* Check Pods Manifest.lock */,
				4D0882491DB2C38F0005E6C2 /* Sources */,
				4D08824A1DB2C38F0005E6C2 /* Frameworks */,
				4D08824B1DB2C38F0005E6C2 /* Resources */,
				3E6AE699B1996A31BABD4698 /* Embed Pods Frameworks */,
				84DD029F34956AB2360F90FE /* Copy Pods Resources */,
			);
			buildRules = (
			);
			dependencies = (
			);
			name = ShowTray;
			productName = ShowTray;
			productReference = 4D08824D1DB2C3900005E6C2 /* ShowTray.app */;
			productType = "com.apple.product-type.application";
		};
		4D0882681DB2C3900005E6C2 /* ShowTrayTests */ = {
			isa = PBXNativeTarget;
			buildConfigurationList = 4D0882801DB2C3900005E6C2 /* Build configuration list for PBXNativeTarget "ShowTrayTests" */;
			buildPhases = (
				4D0882651DB2C3900005E6C2 /* Sources */,
				4D0882661DB2C3900005E6C2 /* Frameworks */,
				4D0882671DB2C3900005E6C2 /* Resources */,
			);
			buildRules = (
			);
			dependencies = (
				4D08826B1DB2C3900005E6C2 /* PBXTargetDependency */,
			);
			name = ShowTrayTests;
			productName = ShowTrayTests;
			productReference = 4D0882691DB2C3900005E6C2 /* ShowTrayTests.xctest */;
			productType = "com.apple.product-type.bundle.unit-test";
		};
		4D0882731DB2C3900005E6C2 /* ShowTrayUITests */ = {
			isa = PBXNativeTarget;
			buildConfigurationList = 4D0882831DB2C3900005E6C2 /* Build configuration list for PBXNativeTarget "ShowTrayUITests" */;
			buildPhases = (
				4D0882701DB2C3900005E6C2 /* Sources */,
				4D0882711DB2C3900005E6C2 /* Frameworks */,
				4D0882721DB2C3900005E6C2 /* Resources */,
			);
			buildRules = (
			);
			dependencies = (
				4D0882761DB2C3900005E6C2 /* PBXTargetDependency */,
			);
			name = ShowTrayUITests;
			productName = ShowTrayUITests;
			productReference = 4D0882741DB2C3900005E6C2 /* ShowTrayUITests.xctest */;
			productType = "com.apple.product-type.bundle.ui-testing";
		};
/* End PBXNativeTarget section */

/* Begin PBXProject section */
		4D0882451DB2C38F0005E6C2 /* Project object */ = {
			isa = PBXProject;
			attributes = {
				LastUpgradeCheck = 0800;
				ORGANIZATIONNAME = Ashwani;
				TargetAttributes = {
					4D08824C1DB2C38F0005E6C2 = {
						CreatedOnToolsVersion = 8.0;
						ProvisioningStyle = Automatic;
					};
					4D0882681DB2C3900005E6C2 = {
						CreatedOnToolsVersion = 8.0;
						ProvisioningStyle = Automatic;
						TestTargetID = 4D08824C1DB2C38F0005E6C2;
					};
					4D0882731DB2C3900005E6C2 = {
						CreatedOnToolsVersion = 8.0;
						ProvisioningStyle = Automatic;
						TestTargetID = 4D08824C1DB2C38F0005E6C2;
					};
				};
			};
			buildConfigurationList = 4D0882481DB2C38F0005E6C2 /* Build configuration list for PBXProject "ShowTray" */;
			compatibilityVersion = "Xcode 3.2";
			developmentRegion = English;
			hasScannedForEncodings = 0;
			knownRegions = (
				en,
				Base,
			);
			mainGroup = 4D0882441DB2C38F0005E6C2;
			productRefGroup = 4D08824E1DB2C3900005E6C2 /* Products */;
			projectDirPath = "";
			projectRoot = "";
			targets = (
				4D08824C1DB2C38F0005E6C2 /* ShowTray */,
				4D0882681DB2C3900005E6C2 /* ShowTrayTests */,
				4D0882731DB2C3900005E6C2 /* ShowTrayUITests */,
			);
		};
/* End PBXProject section */

/* Begin PBXResourcesBuildPhase section */
		4D08824B1DB2C38F0005E6C2 /* Resources */ = {
			isa = PBXResourcesBuildPhase;
			buildActionMask = 2147483647;
			files = (
				4D0882631DB2C3900005E6C2 /* LaunchScreen.storyboard in Resources */,
				4D99C4761DBBC26A009840BF /* edit.png in Resources */,
				4D0882601DB2C3900005E6C2 /* Assets.xcassets in Resources */,
				4D99C4721DBBAB76009840BF /* sample2.png in Resources */,
				4DCF2FD11DB7E61B00723E16 /* GoogleService-Info.plist in Resources */,
				4D4A86521DBA93EF00C0431E /* sample1.png in Resources */,
				4D99C4741DBBABE7009840BF /* sample3.png in Resources */,
				4D122BD11DB6C6B20060F2EB /* IQKeyboardManager.bundle in Resources */,
				4D8E60441DB800C800DB3A39 /* MainStuff.storyboard in Resources */,
				4D08825B1DB2C3900005E6C2 /* Main.storyboard in Resources */,
			);
			runOnlyForDeploymentPostprocessing = 0;
		};
		4D0882671DB2C3900005E6C2 /* Resources */ = {
			isa = PBXResourcesBuildPhase;
			buildActionMask = 2147483647;
			files = (
			);
			runOnlyForDeploymentPostprocessing = 0;
		};
		4D0882721DB2C3900005E6C2 /* Resources */ = {
			isa = PBXResourcesBuildPhase;
			buildActionMask = 2147483647;
			files = (
			);
			runOnlyForDeploymentPostprocessing = 0;
		};
/* End PBXResourcesBuildPhase section */

/* Begin PBXShellScriptBuildPhase section */
		3E6AE699B1996A31BABD4698 /* Embed Pods Frameworks */ = {
			isa = PBXShellScriptBuildPhase;
			buildActionMask = 2147483647;
			files = (
			);
			inputPaths = (
			);
			name = "Embed Pods Frameworks";
			outputPaths = (
			);
			runOnlyForDeploymentPostprocessing = 0;
			shellPath = /bin/sh;
			shellScript = "\"${SRCROOT}/Pods/Target Support Files/Pods-ShowTray/Pods-ShowTray-frameworks.sh\"\n";
			showEnvVarsInLog = 0;
		};
		84DD029F34956AB2360F90FE /* Copy Pods Resources */ = {
			isa = PBXShellScriptBuildPhase;
			buildActionMask = 2147483647;
			files = (
			);
			inputPaths = (
			);
			name = "Copy Pods Resources";
			outputPaths = (
			);
			runOnlyForDeploymentPostprocessing = 0;
			shellPath = /bin/sh;
			shellScript = "\"${SRCROOT}/Pods/Target Support Files/Pods-ShowTray/Pods-ShowTray-resources.sh\"\n";
			showEnvVarsInLog = 0;
		};
		C8F4C6EC42E1403DF9607545 /* Check Pods Manifest.lock */ = {
			isa = PBXShellScriptBuildPhase;
			buildActionMask = 2147483647;
			files = (
			);
			inputPaths = (
			);
			name = "Check Pods Manifest.lock";
			outputPaths = (
			);
			runOnlyForDeploymentPostprocessing = 0;
			shellPath = /bin/sh;
			shellScript = "diff \"${PODS_ROOT}/../Podfile.lock\" \"${PODS_ROOT}/Manifest.lock\" > /dev/null\nif [[ $? != 0 ]] ; then\n    cat << EOM\nerror: The sandbox is not in sync with the Podfile.lock. Run 'pod install' or update your CocoaPods installation.\nEOM\n    exit 1\nfi\n";
			showEnvVarsInLog = 0;
		};
/* End PBXShellScriptBuildPhase section */

/* Begin PBXSourcesBuildPhase section */
		4D0882491DB2C38F0005E6C2 /* Sources */ = {
			isa = PBXSourcesBuildPhase;
			buildActionMask = 2147483647;
			files = (
				4D122C211DB6C9410060F2EB /* DGActivityIndicatorBallPulseSyncAnimation.m in Sources */,
				4D122C2A1DB6C9410060F2EB /* DGActivityIndicatorBallZigZagDeflectAnimation.m in Sources */,
				4D0980181DBB5E88008A0137 /* STTableViewCell.m in Sources */,
				4D122BCA1DB6C6B20060F2EB /* IQKeyboardManager.m in Sources */,
				4D122C271DB6C9410060F2EB /* DGActivityIndicatorBallSpinFadeLoader.m in Sources */,
				4D122BC61DB6C6B20060F2EB /* IQUITextFieldView+Additions.m in Sources */,
				4D122C3A1DB6C9410060F2EB /* DGActivityIndicatorTwoDotsAnimation.m in Sources */,
				4D122C521DB6C96B0060F2EB /* CCMBorderView.m in Sources */,
				4D122C1F1DB6C9410060F2EB /* DGActivityIndicatorBallGridPulseAnimation.m in Sources */,
				4D8E60401DB8009800DB3A39 /* MenuTableViewController.m in Sources */,
				4D122BCE1DB6C6B20060F2EB /* IQTitleBarButtonItem.m in Sources */,
				4D122C361DB6C9410060F2EB /* DGActivityIndicatorThreeDotsAnimation.m in Sources */,
				4D122BC81DB6C6B20060F2EB /* IQUIViewController+Additions.m in Sources */,
				4D0882551DB2C3900005E6C2 /* AppDelegate.m in Sources */,
				4D122C391DB6C9410060F2EB /* DGActivityIndicatorTripleRingsAnimation.m in Sources */,
				4D09801C1DBB654C008A0137 /* STMyAccountViewController.m in Sources */,
				4D122C341DB6C9410060F2EB /* DGActivityIndicatorRotatingSquaresAnimation.m in Sources */,
				4DBB9CFF1DB3601800C9D9AA /* STLoginViewController.m in Sources */,
				4D8E60411DB8009800DB3A39 /* ViewController1.m in Sources */,
				4D122BCC1DB6C6B20060F2EB /* IQTextView.m in Sources */,
				4D122C251DB6C9410060F2EB /* DGActivityIndicatorBallScaleRippleAnimation.m in Sources */,
				4D122C321DB6C9410060F2EB /* DGActivityIndicatorNineDotsAnimation.m in Sources */,
				4D122C2D1DB6C9410060F2EB /* DGActivityIndicatorFiveDotsAnimation.m in Sources */,
				4D122B9D1DB6C57D0060F2EB /* Reachability.m in Sources */,
				4D122C311DB6C9410060F2EB /* DGActivityIndicatorLineScalePulseOutRapidAnimation.m in Sources */,
				4D122C221DB6C9410060F2EB /* DGActivityIndicatorBallRotateAnimation.m in Sources */,
				4D122C2E1DB6C9410060F2EB /* DGActivityIndicatorLineScaleAnimation.m in Sources */,
				4D122C1B1DB6C9410060F2EB /* DGActivityIndicatorBallClipRotateAnimation.m in Sources */,
				4D122BC71DB6C6B20060F2EB /* IQUIView+Hierarchy.m in Sources */,
				4D122C261DB6C9410060F2EB /* DGActivityIndicatorBallScaleRippleMultipleAnimation.m in Sources */,
				4D122C2F1DB6C9410060F2EB /* DGActivityIndicatorLineScalePartyAnimation.m in Sources */,
				4D122C351DB6C9410060F2EB /* DGActivityIndicatorRotatingTrigonAnimation.m in Sources */,
				4D122C331DB6C9410060F2EB /* DGActivityIndicatorRotatingSandglassAnimation.m in Sources */,
				4D122C2C1DB6C9410060F2EB /* DGActivityIndicatorDoubleBounceAnimation.m in Sources */,
				4D122C1D1DB6C9410060F2EB /* DGActivityIndicatorBallClipRotatePulseAnimation.m in Sources */,
				4D122C241DB6C9410060F2EB /* DGActivityIndicatorBallScaleMultipleAnimation.m in Sources */,
				4D122C231DB6C9410060F2EB /* DGActivityIndicatorBallScaleAnimation.m in Sources */,
				4D122C381DB6C9410060F2EB /* DGActivityIndicatorTriplePulseAnimation.m in Sources */,
				4D122BCD1DB6C6B20060F2EB /* IQBarButtonItem.m in Sources */,
				4D122C281DB6C9410060F2EB /* DGActivityIndicatorBallTrianglePathAnimation.m in Sources */,
				4D122BD01DB6C6B20060F2EB /* IQUIView+IQKeyboardToolbar.m in Sources */,
				4D122C1E1DB6C9410060F2EB /* DGActivityIndicatorBallGridBeatAnimation.m in Sources */,
				4D08825E1DB2C3900005E6C2 /* ShowTray.xcdatamodeld in Sources */,
				4D122BC51DB6C6B20060F2EB /* IQNSArray+Sort.m in Sources */,
				4D122C1A1DB6C9410060F2EB /* DGActivityIndicatorBallBeatAnimation.m in Sources */,
				4D8E60421DB8009800DB3A39 /* ViewController2.m in Sources */,
				4D122C291DB6C9410060F2EB /* DGActivityIndicatorBallZigZagAnimation.m in Sources */,
				4D122C371DB6C9410060F2EB /* DGActivityIndicatorTriangleSkewSpinAnimation.m in Sources */,
				4D122C3B1DB6C9410060F2EB /* DGActivityIndicatorView.m in Sources */,
				4D122C301DB6C9410060F2EB /* DGActivityIndicatorLineScalePulseOutAnimation.m in Sources */,
				4D122BCB1DB6C6B20060F2EB /* IQKeyboardReturnKeyHandler.m in Sources */,
				4D8E60321DB7FC2A00DB3A39 /* SWRevealViewController.m in Sources */,
				4D0882521DB2C3900005E6C2 /* main.m in Sources */,
				4D54995F1DBC935A003CA5AA /* STEditProfileViewController.m in Sources */,
				4D122BC91DB6C6B20060F2EB /* IQUIWindow+Hierarchy.m in Sources */,
				4D122C2B1DB6C9410060F2EB /* DGActivityIndicatorCookieTerminatorAnimation.m in Sources */,
				4D122C1C1DB6C9410060F2EB /* DGActivityIndicatorBallClipRotateMultipleAnimation.m in Sources */,
				4D122BCF1DB6C6B20060F2EB /* IQToolbar.m in Sources */,
				4D122B931DB6C4FB0060F2EB /* singletonClass.m in Sources */,
				4D4A864F1DBA8E7E00C0431E /* STForgotPasswordViewController.m in Sources */,
				4D122B941DB6C4FB0060F2EB /* OraReachability.m in Sources */,
				4D122B9A1DB6C5730060F2EB /* MBProgressHUD.m in Sources */,
				4D122C621DB6D80D0060F2EB /* STSignUpViewController.m in Sources */,
				4D122C201DB6C9410060F2EB /* DGActivityIndicatorBallPulseAnimation.m in Sources */,
			);
			runOnlyForDeploymentPostprocessing = 0;
		};
		4D0882651DB2C3900005E6C2 /* Sources */ = {
			isa = PBXSourcesBuildPhase;
			buildActionMask = 2147483647;
			files = (
				4D08826E1DB2C3900005E6C2 /* ShowTrayTests.m in Sources */,
			);
			runOnlyForDeploymentPostprocessing = 0;
		};
		4D0882701DB2C3900005E6C2 /* Sources */ = {
			isa = PBXSourcesBuildPhase;
			buildActionMask = 2147483647;
			files = (
				4D0882791DB2C3900005E6C2 /* ShowTrayUITests.m in Sources */,
			);
			runOnlyForDeploymentPostprocessing = 0;
		};
/* End PBXSourcesBuildPhase section */

/* Begin PBXTargetDependency section */
		4D08826B1DB2C3900005E6C2 /* PBXTargetDependency */ = {
			isa = PBXTargetDependency;
			target = 4D08824C1DB2C38F0005E6C2 /* ShowTray */;
			targetProxy = 4D08826A1DB2C3900005E6C2 /* PBXContainerItemProxy */;
		};
		4D0882761DB2C3900005E6C2 /* PBXTargetDependency */ = {
			isa = PBXTargetDependency;
			target = 4D08824C1DB2C38F0005E6C2 /* ShowTray */;
			targetProxy = 4D0882751DB2C3900005E6C2 /* PBXContainerItemProxy */;
		};
/* End PBXTargetDependency section */

/* Begin PBXVariantGroup section */
		4D0882591DB2C3900005E6C2 /* Main.storyboard */ = {
			isa = PBXVariantGroup;
			children = (
				4D08825A1DB2C3900005E6C2 /* Base */,
			);
			name = Main.storyboard;
			sourceTree = "<group>";
		};
		4D0882611DB2C3900005E6C2 /* LaunchScreen.storyboard */ = {
			isa = PBXVariantGroup;
			children = (
				4D0882621DB2C3900005E6C2 /* Base */,
			);
			name = LaunchScreen.storyboard;
			sourceTree = "<group>";
		};
/* End PBXVariantGroup section */

/* Begin XCBuildConfiguration section */
		4D08827B1DB2C3900005E6C2 /* Debug */ = {
			isa = XCBuildConfiguration;
			buildSettings = {
				ALWAYS_SEARCH_USER_PATHS = NO;
				CLANG_ANALYZER_NONNULL = YES;
				CLANG_CXX_LANGUAGE_STANDARD = "gnu++0x";
				CLANG_CXX_LIBRARY = "libc++";
				CLANG_ENABLE_MODULES = YES;
				CLANG_ENABLE_OBJC_ARC = YES;
				CLANG_WARN_BOOL_CONVERSION = YES;
				CLANG_WARN_CONSTANT_CONVERSION = YES;
				CLANG_WARN_DIRECT_OBJC_ISA_USAGE = YES_ERROR;
				CLANG_WARN_DOCUMENTATION_COMMENTS = YES;
				CLANG_WARN_EMPTY_BODY = YES;
				CLANG_WARN_ENUM_CONVERSION = YES;
				CLANG_WARN_INFINITE_RECURSION = YES;
				CLANG_WARN_INT_CONVERSION = YES;
				CLANG_WARN_OBJC_ROOT_CLASS = YES_ERROR;
				CLANG_WARN_SUSPICIOUS_MOVES = YES;
				CLANG_WARN_UNREACHABLE_CODE = YES;
				CLANG_WARN__DUPLICATE_METHOD_MATCH = YES;
				"CODE_SIGN_IDENTITY[sdk=iphoneos*]" = "iPhone Developer";
				COPY_PHASE_STRIP = NO;
				DEBUG_INFORMATION_FORMAT = dwarf;
				ENABLE_STRICT_OBJC_MSGSEND = YES;
				ENABLE_TESTABILITY = YES;
				GCC_C_LANGUAGE_STANDARD = gnu99;
				GCC_DYNAMIC_NO_PIC = NO;
				GCC_NO_COMMON_BLOCKS = YES;
				GCC_OPTIMIZATION_LEVEL = 0;
				GCC_PREPROCESSOR_DEFINITIONS = (
					"DEBUG=1",
					"$(inherited)",
				);
				GCC_WARN_64_TO_32_BIT_CONVERSION = YES;
				GCC_WARN_ABOUT_RETURN_TYPE = YES_ERROR;
				GCC_WARN_UNDECLARED_SELECTOR = YES;
				GCC_WARN_UNINITIALIZED_AUTOS = YES_AGGRESSIVE;
				GCC_WARN_UNUSED_FUNCTION = YES;
				GCC_WARN_UNUSED_VARIABLE = YES;
				IPHONEOS_DEPLOYMENT_TARGET = 10.0;
				MTL_ENABLE_DEBUG_INFO = YES;
				ONLY_ACTIVE_ARCH = YES;
				SDKROOT = iphoneos;
			};
			name = Debug;
		};
		4D08827C1DB2C3900005E6C2 /* Release */ = {
			isa = XCBuildConfiguration;
			buildSettings = {
				ALWAYS_SEARCH_USER_PATHS = NO;
				CLANG_ANALYZER_NONNULL = YES;
				CLANG_CXX_LANGUAGE_STANDARD = "gnu++0x";
				CLANG_CXX_LIBRARY = "libc++";
				CLANG_ENABLE_MODULES = YES;
				CLANG_ENABLE_OBJC_ARC = YES;
				CLANG_WARN_BOOL_CONVERSION = YES;
				CLANG_WARN_CONSTANT_CONVERSION = YES;
				CLANG_WARN_DIRECT_OBJC_ISA_USAGE = YES_ERROR;
				CLANG_WARN_DOCUMENTATION_COMMENTS = YES;
				CLANG_WARN_EMPTY_BODY = YES;
				CLANG_WARN_ENUM_CONVERSION = YES;
				CLANG_WARN_INFINITE_RECURSION = YES;
				CLANG_WARN_INT_CONVERSION = YES;
				CLANG_WARN_OBJC_ROOT_CLASS = YES_ERROR;
				CLANG_WARN_SUSPICIOUS_MOVES = YES;
				CLANG_WARN_UNREACHABLE_CODE = YES;
				CLANG_WARN__DUPLICATE_METHOD_MATCH = YES;
				"CODE_SIGN_IDENTITY[sdk=iphoneos*]" = "iPhone Developer";
				COPY_PHASE_STRIP = NO;
				DEBUG_INFORMATION_FORMAT = "dwarf-with-dsym";
				ENABLE_NS_ASSERTIONS = NO;
				ENABLE_STRICT_OBJC_MSGSEND = YES;
				GCC_C_LANGUAGE_STANDARD = gnu99;
				GCC_NO_COMMON_BLOCKS = YES;
				GCC_WARN_64_TO_32_BIT_CONVERSION = YES;
				GCC_WARN_ABOUT_RETURN_TYPE = YES_ERROR;
				GCC_WARN_UNDECLARED_SELECTOR = YES;
				GCC_WARN_UNINITIALIZED_AUTOS = YES_AGGRESSIVE;
				GCC_WARN_UNUSED_FUNCTION = YES;
				GCC_WARN_UNUSED_VARIABLE = YES;
				IPHONEOS_DEPLOYMENT_TARGET = 10.0;
				MTL_ENABLE_DEBUG_INFO = NO;
				SDKROOT = iphoneos;
				VALIDATE_PRODUCT = YES;
			};
			name = Release;
		};
		4D08827E1DB2C3900005E6C2 /* Debug */ = {
			isa = XCBuildConfiguration;
			baseConfigurationReference = ECBF1BFC8C3032DCEBAEC2CF /* Pods-ShowTray.debug.xcconfig */;
			buildSettings = {
				ASSETCATALOG_COMPILER_APPICON_NAME = AppIcon;
				FRAMEWORK_SEARCH_PATHS = (
					"$(inherited)",
					"$(PROJECT_DIR)",
				);
				INFOPLIST_FILE = ShowTray/Info.plist;
				LD_RUNPATH_SEARCH_PATHS = "$(inherited) @executable_path/Frameworks";
				PRODUCT_BUNDLE_IDENTIFIER = com.tailor.app;
				PRODUCT_NAME = "$(TARGET_NAME)";
			};
			name = Debug;
		};
		4D08827F1DB2C3900005E6C2 /* Release */ = {
			isa = XCBuildConfiguration;
			baseConfigurationReference = 08A0F3A2565890A557881EB0 /* Pods-ShowTray.release.xcconfig */;
			buildSettings = {
				ASSETCATALOG_COMPILER_APPICON_NAME = AppIcon;
				FRAMEWORK_SEARCH_PATHS = (
					"$(inherited)",
					"$(PROJECT_DIR)",
				);
				INFOPLIST_FILE = ShowTray/Info.plist;
				LD_RUNPATH_SEARCH_PATHS = "$(inherited) @executable_path/Frameworks";
				PRODUCT_BUNDLE_IDENTIFIER = com.tailor.app;
				PRODUCT_NAME = "$(TARGET_NAME)";
			};
			name = Release;
		};
		4D0882811DB2C3900005E6C2 /* Debug */ = {
			isa = XCBuildConfiguration;
			buildSettings = {
				BUNDLE_LOADER = "$(TEST_HOST)";
				INFOPLIST_FILE = ShowTrayTests/Info.plist;
				LD_RUNPATH_SEARCH_PATHS = "$(inherited) @executable_path/Frameworks @loader_path/Frameworks";
				PRODUCT_BUNDLE_IDENTIFIER = sai.ShowTrayTests;
				PRODUCT_NAME = "$(TARGET_NAME)";
				TEST_HOST = "$(BUILT_PRODUCTS_DIR)/ShowTray.app/ShowTray";
			};
			name = Debug;
		};
		4D0882821DB2C3900005E6C2 /* Release */ = {
			isa = XCBuildConfiguration;
			buildSettings = {
				BUNDLE_LOADER = "$(TEST_HOST)";
				INFOPLIST_FILE = ShowTrayTests/Info.plist;
				LD_RUNPATH_SEARCH_PATHS = "$(inherited) @executable_path/Frameworks @loader_path/Frameworks";
				PRODUCT_BUNDLE_IDENTIFIER = sai.ShowTrayTests;
				PRODUCT_NAME = "$(TARGET_NAME)";
				TEST_HOST = "$(BUILT_PRODUCTS_DIR)/ShowTray.app/ShowTray";
			};
			name = Release;
		};
		4D0882841DB2C3900005E6C2 /* Debug */ = {
			isa = XCBuildConfiguration;
			buildSettings = {
				INFOPLIST_FILE = ShowTrayUITests/Info.plist;
				LD_RUNPATH_SEARCH_PATHS = "$(inherited) @executable_path/Frameworks @loader_path/Frameworks";
				PRODUCT_BUNDLE_IDENTIFIER = sai.ShowTrayUITests;
				PRODUCT_NAME = "$(TARGET_NAME)";
				TEST_TARGET_NAME = ShowTray;
			};
			name = Debug;
		};
		4D0882851DB2C3900005E6C2 /* Release */ = {
			isa = XCBuildConfiguration;
			buildSettings = {
				INFOPLIST_FILE = ShowTrayUITests/Info.plist;
				LD_RUNPATH_SEARCH_PATHS = "$(inherited) @executable_path/Frameworks @loader_path/Frameworks";
				PRODUCT_BUNDLE_IDENTIFIER = sai.ShowTrayUITests;
				PRODUCT_NAME = "$(TARGET_NAME)";
				TEST_TARGET_NAME = ShowTray;
			};
			name = Release;
		};
/* End XCBuildConfiguration section */

/* Begin XCConfigurationList section */
		4D0882481DB2C38F0005E6C2 /* Build configuration list for PBXProject "ShowTray" */ = {
			isa = XCConfigurationList;
			buildConfigurations = (
				4D08827B1DB2C3900005E6C2 /* Debug */,
				4D08827C1DB2C3900005E6C2 /* Release */,
			);
			defaultConfigurationIsVisible = 0;
			defaultConfigurationName = Release;
		};
		4D08827D1DB2C3900005E6C2 /* Build configuration list for PBXNativeTarget "ShowTray" */ = {
			isa = XCConfigurationList;
			buildConfigurations = (
				4D08827E1DB2C3900005E6C2 /* Debug */,
				4D08827F1DB2C3900005E6C2 /* Release */,
			);
			defaultConfigurationIsVisible = 0;
			defaultConfigurationName = Release;
		};
		4D0882801DB2C3900005E6C2 /* Build configuration list for PBXNativeTarget "ShowTrayTests" */ = {
			isa = XCConfigurationList;
			buildConfigurations = (
				4D0882811DB2C3900005E6C2 /* Debug */,
				4D0882821DB2C3900005E6C2 /* Release */,
			);
			defaultConfigurationIsVisible = 0;
			defaultConfigurationName = Release;
		};
		4D0882831DB2C3900005E6C2 /* Build configuration list for PBXNativeTarget "ShowTrayUITests" */ = {
			isa = XCConfigurationList;
			buildConfigurations = (
				4D0882841DB2C3900005E6C2 /* Debug */,
				4D0882851DB2C3900005E6C2 /* Release */,
			);
			defaultConfigurationIsVisible = 0;
			defaultConfigurationName = Release;
		};
/* End XCConfigurationList section */

/* Begin XCVersionGroup section */
		4D08825C1DB2C3900005E6C2 /* ShowTray.xcdatamodeld */ = {
			isa = XCVersionGroup;
			children = (
				4D08825D1DB2C3900005E6C2 /* ShowTray.xcdatamodel */,
			);
			currentVersion = 4D08825D1DB2C3900005E6C2 /* ShowTray.xcdatamodel */;
			path = ShowTray.xcdatamodeld;
			sourceTree = "<group>";
			versionGroupType = wrapper.xcdatamodel;
		};
/* End XCVersionGroup section */
	};
	rootObject = 4D0882451DB2C38F0005E6C2 /* Project object */;
}
